
Microsoft Visual Studio Solution File, Format Version 12.00
# Visual Studio 14
VisualStudioVersion = 14.0.25420.1
MinimumVisualStudioVersion = 10.0.40219.1
Project("{8BC9CEB8-8B4A-11D0-8D11-00A0C91BC942}") = "Ex03Pointer", "Ex03Pointer\Ex03Pointer.vcxproj", "{A425C562-25F6-4132-A0B0-B3648574A6A8}"
EndProject
Project("{8BC9CEB8-8B4A-11D0-8D11-00A0C91BC942}") = "03_1", "03_1\03_1.vcxproj", "{ADDE57F2-C2E1-4FE8-AF68-EC4569AF3C48}"
EndProject
Project("{8BC9CEB8-8B4A-11D0-8D11-00A0C91BC942}") = "03_2", "03_2\03_2.vcxproj", "{40323327-396F-414C-8286-940C943BDA51}"
EndProject
Project("{8BC9CEB8-8B4A-11D0-8D11-00A0C91BC942}") = "03_3", "03_3\03_3.vcxproj", "{3278D62A-BE6C-4DE2-9060-1F936482E48E}"
EndProject
Project("{8BC9CEB8-8B4A-11D0-8D11-00A0C91BC942}") = "03_4", "03_4\03_4.vcxproj", "{21358649-8126-499D-BE86-05B7F17BB43A}"
EndProject
Project("{8BC9CEB8-8B4A-11D0-8D11-00A0C91BC942}") = "04_1", "04_1\04_1.vcxproj", "{F6F2FD14-78D0-481B-8BE9-99BDDEE12798}"
EndProject
Project("{8BC9CEB8-8B4A-11D0-8D11-00A0C91BC942}") = "04_2", "04_2\04_2.vcxproj", "{F658497D-8D4A-46E7-9857-F42A33321B0E}"
EndProject
Project("{8BC9CEB8-8B4A-11D0-8D11-00A0C91BC942}") = "05_1", "05_1\05_1.vcxproj", "{F73761ED-13F9-4A22-9F81-DDE467144E5E}"
EndProject
Project("{8BC9CEB8-8B4A-11D0-8D11-00A0C91BC942}") = "05_2", "05_2\05_2.vcxproj", "{B94D2AD6-737D-4CC2-BDA4-3D6540D2E163}"
EndProject
Project("{8BC9CEB8-8B4A-11D0-8D11-00A0C91BC942}") = "05_3", "05_3\05_3.vcxproj", "{5B356D69-860B-4B59-9819-F93DDB6A19D2}"
EndProject
Project("{8BC9CEB8-8B4A-11D0-8D11-00A0C91BC942}") = "06_1", "06_1\06_1.vcxproj", "{248F06D5-F105-4E9A-BE04-3CA0017E67DE}"
EndProject
Project("{8BC9CEB8-8B4A-11D0-8D11-00A0C91BC942}") = "06_2", "06_2\06_2.vcxproj", "{8ED6D80E-2EE8-4D29-B545-11365009E80A}"
EndProject
Project("{8BC9CEB8-8B4A-11D0-8D11-00A0C91BC942}") = "06_3", "06_3\06_3.vcxproj", "{6C4D87C7-FA50-4B8E-8B08-291A385CC9AF}"
EndProject
Project("{8BC9CEB8-8B4A-11D0-8D11-00A0C91BC942}") = "06_4", "06_4\06_4.vcxproj", "{7A7D5EFC-6C3C-4E81-B993-CA7D1A45A973}"
EndProject
Project("{8BC9CEB8-8B4A-11D0-8D11-00A0C91BC942}") = "06_5", "06_5\06_5.vcxproj", "{D3B7A378-F98B-4BAE-A2EA-60AB8B9FB033}"
EndProject
Project("{8BC9CEB8-8B4A-11D0-8D11-00A0C91BC942}") = "07_1n2", "07_1\07_1.vcxproj", "{5BF3A39A-BE90-4A40-BD5B-7AA31C4C3592}"
EndProject
Project("{8BC9CEB8-8B4A-11D0-8D11-00A0C91BC942}") = "07_3n4", "07_3\07_3.vcxproj", "{FA653596-E647-4200-A0CC-7BD2D6C48932}"
EndProject
Project("{8BC9CEB8-8B4A-11D0-8D11-00A0C91BC942}") = "07_5", "07_5\07_5.vcxproj", "{EC5309A7-1793-4C3C-A1A0-589DE7D1065E}"
EndProject
Project("{8BC9CEB8-8B4A-11D0-8D11-00A0C91BC942}") = "08_1", "08_1\08_1.vcxproj", "{EF0C101B-F086-4AC2-8F2A-7F44DF8C2CF7}"
EndProject
Global
	GlobalSection(SolutionConfigurationPlatforms) = preSolution
		Debug|x64 = Debug|x64
		Debug|x86 = Debug|x86
		Release|x64 = Release|x64
		Release|x86 = Release|x86
	EndGlobalSection
	GlobalSection(ProjectConfigurationPlatforms) = postSolution
		{A425C562-25F6-4132-A0B0-B3648574A6A8}.Debug|x64.ActiveCfg = Debug|x64
		{A425C562-25F6-4132-A0B0-B3648574A6A8}.Debug|x64.Build.0 = Debug|x64
		{A425C562-25F6-4132-A0B0-B3648574A6A8}.Debug|x86.ActiveCfg = Debug|Win32
		{A425C562-25F6-4132-A0B0-B3648574A6A8}.Debug|x86.Build.0 = Debug|Win32
		{A425C562-25F6-4132-A0B0-B3648574A6A8}.Release|x64.ActiveCfg = Release|x64
		{A425C562-25F6-4132-A0B0-B3648574A6A8}.Release|x64.Build.0 = Release|x64
		{A425C562-25F6-4132-A0B0-B3648574A6A8}.Release|x86.ActiveCfg = Release|Win32
		{A425C562-25F6-4132-A0B0-B3648574A6A8}.Release|x86.Build.0 = Release|Win32
		{ADDE57F2-C2E1-4FE8-AF68-EC4569AF3C48}.Debug|x64.ActiveCfg = Debug|x64
		{ADDE57F2-C2E1-4FE8-AF68-EC4569AF3C48}.Debug|x64.Build.0 = Debug|x64
		{ADDE57F2-C2E1-4FE8-AF68-EC4569AF3C48}.Debug|x86.ActiveCfg = Debug|Win32
		{ADDE57F2-C2E1-4FE8-AF68-EC4569AF3C48}.Debug|x86.Build.0 = Debug|Win32
		{ADDE57F2-C2E1-4FE8-AF68-EC4569AF3C48}.Release|x64.ActiveCfg = Release|x64
		{ADDE57F2-C2E1-4FE8-AF68-EC4569AF3C48}.Release|x64.Build.0 = Release|x64
		{ADDE57F2-C2E1-4FE8-AF68-EC4569AF3C48}.Release|x86.ActiveCfg = Release|Win32
		{ADDE57F2-C2E1-4FE8-AF68-EC4569AF3C48}.Release|x86.Build.0 = Release|Win32
		{40323327-396F-414C-8286-940C943BDA51}.Debug|x64.ActiveCfg = Debug|x64
		{40323327-396F-414C-8286-940C943BDA51}.Debug|x64.Build.0 = Debug|x64
		{40323327-396F-414C-8286-940C943BDA51}.Debug|x86.ActiveCfg = Debug|Win32
		{40323327-396F-414C-8286-940C943BDA51}.Debug|x86.Build.0 = Debug|Win32
		{40323327-396F-414C-8286-940C943BDA51}.Release|x64.ActiveCfg = Release|x64
		{40323327-396F-414C-8286-940C943BDA51}.Release|x64.Build.0 = Release|x64
		{40323327-396F-414C-8286-940C943BDA51}.Release|x86.ActiveCfg = Release|Win32
		{40323327-396F-414C-8286-940C943BDA51}.Release|x86.Build.0 = Release|Win32
		{3278D62A-BE6C-4DE2-9060-1F936482E48E}.Debug|x64.ActiveCfg = Debug|x64
		{3278D62A-BE6C-4DE2-9060-1F936482E48E}.Debug|x64.Build.0 = Debug|x64
		{3278D62A-BE6C-4DE2-9060-1F936482E48E}.Debug|x86.ActiveCfg = Debug|Win32
		{3278D62A-BE6C-4DE2-9060-1F936482E48E}.Debug|x86.Build.0 = Debug|Win32
		{3278D62A-BE6C-4DE2-9060-1F936482E48E}.Release|x64.ActiveCfg = Release|x64
		{3278D62A-BE6C-4DE2-9060-1F936482E48E}.Release|x64.Build.0 = Release|x64
		{3278D62A-BE6C-4DE2-9060-1F936482E48E}.Release|x86.ActiveCfg = Release|Win32
		{3278D62A-BE6C-4DE2-9060-1F936482E48E}.Release|x86.Build.0 = Release|Win32
		{21358649-8126-499D-BE86-05B7F17BB43A}.Debug|x64.ActiveCfg = Debug|x64
		{21358649-8126-499D-BE86-05B7F17BB43A}.Debug|x64.Build.0 = Debug|x64
		{21358649-8126-499D-BE86-05B7F17BB43A}.Debug|x86.ActiveCfg = Debug|Win32
		{21358649-8126-499D-BE86-05B7F17BB43A}.Debug|x86.Build.0 = Debug|Win32
		{21358649-8126-499D-BE86-05B7F17BB43A}.Release|x64.ActiveCfg = Release|x64
		{21358649-8126-499D-BE86-05B7F17BB43A}.Release|x64.Build.0 = Release|x64
		{21358649-8126-499D-BE86-05B7F17BB43A}.Release|x86.ActiveCfg = Release|Win32
		{21358649-8126-499D-BE86-05B7F17BB43A}.Release|x86.Build.0 = Release|Win32
		{F6F2FD14-78D0-481B-8BE9-99BDDEE12798}.Debug|x64.ActiveCfg = Debug|x64
		{F6F2FD14-78D0-481B-8BE9-99BDDEE12798}.Debug|x64.Build.0 = Debug|x64
		{F6F2FD14-78D0-481B-8BE9-99BDDEE12798}.Debug|x86.ActiveCfg = Debug|Win32
		{F6F2FD14-78D0-481B-8BE9-99BDDEE12798}.Debug|x86.Build.0 = Debug|Win32
		{F6F2FD14-78D0-481B-8BE9-99BDDEE12798}.Release|x64.ActiveCfg = Release|x64
		{F6F2FD14-78D0-481B-8BE9-99BDDEE12798}.Release|x64.Build.0 = Release|x64
		{F6F2FD14-78D0-481B-8BE9-99BDDEE12798}.Release|x86.ActiveCfg = Release|Win32
		{F6F2FD14-78D0-481B-8BE9-99BDDEE12798}.Release|x86.Build.0 = Release|Win32
		{F658497D-8D4A-46E7-9857-F42A33321B0E}.Debug|x64.ActiveCfg = Debug|x64
		{F658497D-8D4A-46E7-9857-F42A33321B0E}.Debug|x64.Build.0 = Debug|x64
		{F658497D-8D4A-46E7-9857-F42A33321B0E}.Debug|x86.ActiveCfg = Debug|Win32
		{F658497D-8D4A-46E7-9857-F42A33321B0E}.Debug|x86.Build.0 = Debug|Win32
		{F658497D-8D4A-46E7-9857-F42A33321B0E}.Release|x64.ActiveCfg = Release|x64
		{F658497D-8D4A-46E7-9857-F42A33321B0E}.Release|x64.Build.0 = Release|x64
		{F658497D-8D4A-46E7-9857-F42A33321B0E}.Release|x86.ActiveCfg = Release|Win32
		{F658497D-8D4A-46E7-9857-F42A33321B0E}.Release|x86.Build.0 = Release|Win32
		{F73761ED-13F9-4A22-9F81-DDE467144E5E}.Debug|x64.ActiveCfg = Debug|x64
		{F73761ED-13F9-4A22-9F81-DDE467144E5E}.Debug|x64.Build.0 = Debug|x64
		{F73761ED-13F9-4A22-9F81-DDE467144E5E}.Debug|x86.ActiveCfg = Debug|Win32
		{F73761ED-13F9-4A22-9F81-DDE467144E5E}.Debug|x86.Build.0 = Debug|Win32
		{F73761ED-13F9-4A22-9F81-DDE467144E5E}.Release|x64.ActiveCfg = Release|x64
		{F73761ED-13F9-4A22-9F81-DDE467144E5E}.Release|x64.Build.0 = Release|x64
		{F73761ED-13F9-4A22-9F81-DDE467144E5E}.Release|x86.ActiveCfg = Release|Win32
		{F73761ED-13F9-4A22-9F81-DDE467144E5E}.Release|x86.Build.0 = Release|Win32
		{B94D2AD6-737D-4CC2-BDA4-3D6540D2E163}.Debug|x64.ActiveCfg = Debug|x64
		{B94D2AD6-737D-4CC2-BDA4-3D6540D2E163}.Debug|x64.Build.0 = Debug|x64
		{B94D2AD6-737D-4CC2-BDA4-3D6540D2E163}.Debug|x86.ActiveCfg = Debug|Win32
		{B94D2AD6-737D-4CC2-BDA4-3D6540D2E163}.Debug|x86.Build.0 = Debug|Win32
		{B94D2AD6-737D-4CC2-BDA4-3D6540D2E163}.Release|x64.ActiveCfg = Release|x64
		{B94D2AD6-737D-4CC2-BDA4-3D6540D2E163}.Release|x64.Build.0 = Release|x64
		{B94D2AD6-737D-4CC2-BDA4-3D6540D2E163}.Release|x86.ActiveCfg = Release|Win32
		{B94D2AD6-737D-4CC2-BDA4-3D6540D2E163}.Release|x86.Build.0 = Release|Win32
		{5B356D69-860B-4B59-9819-F93DDB6A19D2}.Debug|x64.ActiveCfg = Debug|x64
		{5B356D69-860B-4B59-9819-F93DDB6A19D2}.Debug|x64.Build.0 = Debug|x64
		{5B356D69-860B-4B59-9819-F93DDB6A19D2}.Debug|x86.ActiveCfg = Debug|Win32
		{5B356D69-860B-4B59-9819-F93DDB6A19D2}.Debug|x86.Build.0 = Debug|Win32
		{5B356D69-860B-4B59-9819-F93DDB6A19D2}.Release|x64.ActiveCfg = Release|x64
		{5B356D69-860B-4B59-9819-F93DDB6A19D2}.Release|x64.Build.0 = Release|x64
		{5B356D69-860B-4B59-9819-F93DDB6A19D2}.Release|x86.ActiveCfg = Release|Win32
		{5B356D69-860B-4B59-9819-F93DDB6A19D2}.Release|x86.Build.0 = Release|Win32
		{248F06D5-F105-4E9A-BE04-3CA0017E67DE}.Debug|x64.ActiveCfg = Debug|x64
		{248F06D5-F105-4E9A-BE04-3CA0017E67DE}.Debug|x64.Build.0 = Debug|x64
		{248F06D5-F105-4E9A-BE04-3CA0017E67DE}.Debug|x86.ActiveCfg = Debug|Win32
		{248F06D5-F105-4E9A-BE04-3CA0017E67DE}.Debug|x86.Build.0 = Debug|Win32
		{248F06D5-F105-4E9A-BE04-3CA0017E67DE}.Release|x64.ActiveCfg = Release|x64
		{248F06D5-F105-4E9A-BE04-3CA0017E67DE}.Release|x64.Build.0 = Release|x64
		{248F06D5-F105-4E9A-BE04-3CA0017E67DE}.Release|x86.ActiveCfg = Release|Win32
		{248F06D5-F105-4E9A-BE04-3CA0017E67DE}.Release|x86.Build.0 = Release|Win32
		{8ED6D80E-2EE8-4D29-B545-11365009E80A}.Debug|x64.ActiveCfg = Debug|x64
		{8ED6D80E-2EE8-4D29-B545-11365009E80A}.Debug|x64.Build.0 = Debug|x64
		{8ED6D80E-2EE8-4D29-B545-11365009E80A}.Debug|x86.ActiveCfg = Debug|Win32
		{8ED6D80E-2EE8-4D29-B545-11365009E80A}.Debug|x86.Build.0 = Debug|Win32
		{8ED6D80E-2EE8-4D29-B545-11365009E80A}.Release|x64.ActiveCfg = Release|x64
		{8ED6D80E-2EE8-4D29-B545-11365009E80A}.Release|x64.Build.0 = Release|x64
		{8ED6D80E-2EE8-4D29-B545-11365009E80A}.Release|x86.ActiveCfg = Release|Win32
		{8ED6D80E-2EE8-4D29-B545-11365009E80A}.Release|x86.Build.0 = Release|Win32
		{6C4D87C7-FA50-4B8E-8B08-291A385CC9AF}.Debug|x64.ActiveCfg = Debug|x64
		{6C4D87C7-FA50-4B8E-8B08-291A385CC9AF}.Debug|x64.Build.0 = Debug|x64
		{6C4D87C7-FA50-4B8E-8B08-291A385CC9AF}.Debug|x86.ActiveCfg = Debug|Win32
		{6C4D87C7-FA50-4B8E-8B08-291A385CC9AF}.Debug|x86.Build.0 = Debug|Win32
		{6C4D87C7-FA50-4B8E-8B08-291A385CC9AF}.Release|x64.ActiveCfg = Release|x64
		{6C4D87C7-FA50-4B8E-8B08-291A385CC9AF}.Release|x64.Build.0 = Release|x64
		{6C4D87C7-FA50-4B8E-8B08-291A385CC9AF}.Release|x86.ActiveCfg = Release|Win32
		{6C4D87C7-FA50-4B8E-8B08-291A385CC9AF}.Release|x86.Build.0 = Release|Win32
		{7A7D5EFC-6C3C-4E81-B993-CA7D1A45A973}.Debug|x64.ActiveCfg = Debug|x64
		{7A7D5EFC-6C3C-4E81-B993-CA7D1A45A973}.Debug|x64.Build.0 = Debug|x64
		{7A7D5EFC-6C3C-4E81-B993-CA7D1A45A973}.Debug|x86.ActiveCfg = Debug|Win32
		{7A7D5EFC-6C3C-4E81-B993-CA7D1A45A973}.Debug|x86.Build.0 = Debug|Win32
		{7A7D5EFC-6C3C-4E81-B993-CA7D1A45A973}.Release|x64.ActiveCfg = Release|x64
		{7A7D5EFC-6C3C-4E81-B993-CA7D1A45A973}.Release|x64.Build.0 = Release|x64
		{7A7D5EFC-6C3C-4E81-B993-CA7D1A45A973}.Release|x86.ActiveCfg = Release|Win32
		{7A7D5EFC-6C3C-4E81-B993-CA7D1A45A973}.Release|x86.Build.0 = Release|Win32
		{D3B7A378-F98B-4BAE-A2EA-60AB8B9FB033}.Debug|x64.ActiveCfg = Debug|x64
		{D3B7A378-F98B-4BAE-A2EA-60AB8B9FB033}.Debug|x64.Build.0 = Debug|x64
		{D3B7A378-F98B-4BAE-A2EA-60AB8B9FB033}.Debug|x86.ActiveCfg = Debug|Win32
		{D3B7A378-F98B-4BAE-A2EA-60AB8B9FB033}.Debug|x86.Build.0 = Debug|Win32
		{D3B7A378-F98B-4BAE-A2EA-60AB8B9FB033}.Release|x64.ActiveCfg = Release|x64
		{D3B7A378-F98B-4BAE-A2EA-60AB8B9FB033}.Release|x64.Build.0 = Release|x64
		{D3B7A378-F98B-4BAE-A2EA-60AB8B9FB033}.Release|x86.ActiveCfg = Release|Win32
		{D3B7A378-F98B-4BAE-A2EA-60AB8B9FB033}.Release|x86.Build.0 = Release|Win32
		{5BF3A39A-BE90-4A40-BD5B-7AA31C4C3592}.Debug|x64.ActiveCfg = Debug|x64
		{5BF3A39A-BE90-4A40-BD5B-7AA31C4C3592}.Debug|x64.Build.0 = Debug|x64
		{5BF3A39A-BE90-4A40-BD5B-7AA31C4C3592}.Debug|x86.ActiveCfg = Debug|Win32
		{5BF3A39A-BE90-4A40-BD5B-7AA31C4C3592}.Debug|x86.Build.0 = Debug|Win32
		{5BF3A39A-BE90-4A40-BD5B-7AA31C4C3592}.Release|x64.ActiveCfg = Release|x64
		{5BF3A39A-BE90-4A40-BD5B-7AA31C4C3592}.Release|x64.Build.0 = Release|x64
		{5BF3A39A-BE90-4A40-BD5B-7AA31C4C3592}.Release|x86.ActiveCfg = Release|Win32
		{5BF3A39A-BE90-4A40-BD5B-7AA31C4C3592}.Release|x86.Build.0 = Release|Win32
		{FA653596-E647-4200-A0CC-7BD2D6C48932}.Debug|x64.ActiveCfg = Debug|x64
		{FA653596-E647-4200-A0CC-7BD2D6C48932}.Debug|x64.Build.0 = Debug|x64
		{FA653596-E647-4200-A0CC-7BD2D6C48932}.Debug|x86.ActiveCfg = Debug|Win32
		{FA653596-E647-4200-A0CC-7BD2D6C48932}.Debug|x86.Build.0 = Debug|Win32
		{FA653596-E647-4200-A0CC-7BD2D6C48932}.Release|x64.ActiveCfg = Release|x64
		{FA653596-E647-4200-A0CC-7BD2D6C48932}.Release|x64.Build.0 = Release|x64
		{FA653596-E647-4200-A0CC-7BD2D6C48932}.Release|x86.ActiveCfg = Release|Win32
		{FA653596-E647-4200-A0CC-7BD2D6C48932}.Release|x86.Build.0 = Release|Win32
		{EC5309A7-1793-4C3C-A1A0-589DE7D1065E}.Debug|x64.ActiveCfg = Debug|x64
		{EC5309A7-1793-4C3C-A1A0-589DE7D1065E}.Debug|x64.Build.0 = Debug|x64
		{EC5309A7-1793-4C3C-A1A0-589DE7D1065E}.Debug|x86.ActiveCfg = Debug|Win32
		{EC5309A7-1793-4C3C-A1A0-589DE7D1065E}.Debug|x86.Build.0 = Debug|Win32
		{EC5309A7-1793-4C3C-A1A0-589DE7D1065E}.Release|x64.ActiveCfg = Release|x64
		{EC5309A7-1793-4C3C-A1A0-589DE7D1065E}.Release|x64.Build.0 = Release|x64
		{EC5309A7-1793-4C3C-A1A0-589DE7D1065E}.Release|x86.ActiveCfg = Release|Win32
		{EC5309A7-1793-4C3C-A1A0-589DE7D1065E}.Release|x86.Build.0 = Release|Win32
		{EF0C101B-F086-4AC2-8F2A-7F44DF8C2CF7}.Debug|x64.ActiveCfg = Debug|x64
		{EF0C101B-F086-4AC2-8F2A-7F44DF8C2CF7}.Debug|x64.Build.0 = Debug|x64
		{EF0C101B-F086-4AC2-8F2A-7F44DF8C2CF7}.Debug|x86.ActiveCfg = Debug|Win32
		{EF0C101B-F086-4AC2-8F2A-7F44DF8C2CF7}.Debug|x86.Build.0 = Debug|Win32
		{EF0C101B-F086-4AC2-8F2A-7F44DF8C2CF7}.Release|x64.ActiveCfg = Release|x64
		{EF0C101B-F086-4AC2-8F2A-7F44DF8C2CF7}.Release|x64.Build.0 = Release|x64
		{EF0C101B-F086-4AC2-8F2A-7F44DF8C2CF7}.Release|x86.ActiveCfg = Release|Win32
		{EF0C101B-F086-4AC2-8F2A-7F44DF8C2CF7}.Release|x86.Build.0 = Release|Win32
	EndGlobalSection
	GlobalSection(SolutionProperties) = preSolution
		HideSolutionNode = FALSE
	EndGlobalSection
EndGlobal
