
Microsoft Visual Studio Solution File, Format Version 12.00
# Visual Studio 14
VisualStudioVersion = 14.0.25420.1
MinimumVisualStudioVersion = 10.0.40219.1
Project("{8BC9CEB8-8B4A-11D0-8D11-00A0C91BC942}") = "Ex05StringFile", "Ex05StringFile\Ex05StringFile.vcxproj", "{B8C4557B-B7DA-4EB7-BC7C-DC83DB43E888}"
EndProject
Project("{8BC9CEB8-8B4A-11D0-8D11-00A0C91BC942}") = "01_3", "01_3\01_3.vcxproj", "{AF9EFFED-F057-46C2-BBC6-761F92D2028E}"
EndProject
Project("{8BC9CEB8-8B4A-11D0-8D11-00A0C91BC942}") = "02_1", "02_1\02_1.vcxproj", "{4208A4DB-9B0A-4452-A632-8465CD2D2176}"
EndProject
Project("{8BC9CEB8-8B4A-11D0-8D11-00A0C91BC942}") = "03_1", "03_1\03_1.vcxproj", "{A558EE57-4CC6-43A7-87FA-3F660AD78328}"
EndProject
Project("{8BC9CEB8-8B4A-11D0-8D11-00A0C91BC942}") = "03_2", "03_2\03_2.vcxproj", "{0B86C59E-A390-4750-B36F-F482D5BD1C96}"
EndProject
Project("{8BC9CEB8-8B4A-11D0-8D11-00A0C91BC942}") = "03_3", "03_3\03_3.vcxproj", "{11ECFAB8-34AB-48B7-9957-A5CA87DE7C0A}"
EndProject
Project("{8BC9CEB8-8B4A-11D0-8D11-00A0C91BC942}") = "03_4", "03_4\03_4.vcxproj", "{FBAE6269-FD5F-4DEF-9AE0-6468811886E7}"
EndProject
Project("{8BC9CEB8-8B4A-11D0-8D11-00A0C91BC942}") = "04_1", "04_1\04_1.vcxproj", "{B6AA5ECB-E773-4888-952E-174DBAA008A5}"
EndProject
Project("{8BC9CEB8-8B4A-11D0-8D11-00A0C91BC942}") = "04_2", "04_2\04_2.vcxproj", "{12ACEF7E-5C23-4014-9AC9-CFD5CA608AE4}"
EndProject
Project("{8BC9CEB8-8B4A-11D0-8D11-00A0C91BC942}") = "04_3", "04_3\04_3.vcxproj", "{B0D9DC9F-BB4C-4D02-A3C9-F714BF33AFF5}"
EndProject
Project("{8BC9CEB8-8B4A-11D0-8D11-00A0C91BC942}") = "04_4", "04_4\04_4.vcxproj", "{537F2762-8565-447F-BBA7-200392196B54}"
EndProject
Project("{8BC9CEB8-8B4A-11D0-8D11-00A0C91BC942}") = "05", "05\05.vcxproj", "{3D302A20-D594-4287-9AEF-E7ADF15DBBFD}"
EndProject
Project("{8BC9CEB8-8B4A-11D0-8D11-00A0C91BC942}") = "06", "06\06.vcxproj", "{F48BE91C-98B8-44B8-9C76-FD493D13A3AF}"
EndProject
Global
	GlobalSection(SolutionConfigurationPlatforms) = preSolution
		Debug|x64 = Debug|x64
		Debug|x86 = Debug|x86
		Release|x64 = Release|x64
		Release|x86 = Release|x86
	EndGlobalSection
	GlobalSection(ProjectConfigurationPlatforms) = postSolution
		{B8C4557B-B7DA-4EB7-BC7C-DC83DB43E888}.Debug|x64.ActiveCfg = Debug|x64
		{B8C4557B-B7DA-4EB7-BC7C-DC83DB43E888}.Debug|x64.Build.0 = Debug|x64
		{B8C4557B-B7DA-4EB7-BC7C-DC83DB43E888}.Debug|x86.ActiveCfg = Debug|Win32
		{B8C4557B-B7DA-4EB7-BC7C-DC83DB43E888}.Debug|x86.Build.0 = Debug|Win32
		{B8C4557B-B7DA-4EB7-BC7C-DC83DB43E888}.Release|x64.ActiveCfg = Release|x64
		{B8C4557B-B7DA-4EB7-BC7C-DC83DB43E888}.Release|x64.Build.0 = Release|x64
		{B8C4557B-B7DA-4EB7-BC7C-DC83DB43E888}.Release|x86.ActiveCfg = Release|Win32
		{B8C4557B-B7DA-4EB7-BC7C-DC83DB43E888}.Release|x86.Build.0 = Release|Win32
		{AF9EFFED-F057-46C2-BBC6-761F92D2028E}.Debug|x64.ActiveCfg = Debug|x64
		{AF9EFFED-F057-46C2-BBC6-761F92D2028E}.Debug|x64.Build.0 = Debug|x64
		{AF9EFFED-F057-46C2-BBC6-761F92D2028E}.Debug|x86.ActiveCfg = Debug|Win32
		{AF9EFFED-F057-46C2-BBC6-761F92D2028E}.Debug|x86.Build.0 = Debug|Win32
		{AF9EFFED-F057-46C2-BBC6-761F92D2028E}.Release|x64.ActiveCfg = Release|x64
		{AF9EFFED-F057-46C2-BBC6-761F92D2028E}.Release|x64.Build.0 = Release|x64
		{AF9EFFED-F057-46C2-BBC6-761F92D2028E}.Release|x86.ActiveCfg = Release|Win32
		{AF9EFFED-F057-46C2-BBC6-761F92D2028E}.Release|x86.Build.0 = Release|Win32
		{4208A4DB-9B0A-4452-A632-8465CD2D2176}.Debug|x64.ActiveCfg = Debug|x64
		{4208A4DB-9B0A-4452-A632-8465CD2D2176}.Debug|x64.Build.0 = Debug|x64
		{4208A4DB-9B0A-4452-A632-8465CD2D2176}.Debug|x86.ActiveCfg = Debug|Win32
		{4208A4DB-9B0A-4452-A632-8465CD2D2176}.Debug|x86.Build.0 = Debug|Win32
		{4208A4DB-9B0A-4452-A632-8465CD2D2176}.Release|x64.ActiveCfg = Release|x64
		{4208A4DB-9B0A-4452-A632-8465CD2D2176}.Release|x64.Build.0 = Release|x64
		{4208A4DB-9B0A-4452-A632-8465CD2D2176}.Release|x86.ActiveCfg = Release|Win32
		{4208A4DB-9B0A-4452-A632-8465CD2D2176}.Release|x86.Build.0 = Release|Win32
		{A558EE57-4CC6-43A7-87FA-3F660AD78328}.Debug|x64.ActiveCfg = Debug|x64
		{A558EE57-4CC6-43A7-87FA-3F660AD78328}.Debug|x64.Build.0 = Debug|x64
		{A558EE57-4CC6-43A7-87FA-3F660AD78328}.Debug|x86.ActiveCfg = Debug|Win32
		{A558EE57-4CC6-43A7-87FA-3F660AD78328}.Debug|x86.Build.0 = Debug|Win32
		{A558EE57-4CC6-43A7-87FA-3F660AD78328}.Release|x64.ActiveCfg = Release|x64
		{A558EE57-4CC6-43A7-87FA-3F660AD78328}.Release|x64.Build.0 = Release|x64
		{A558EE57-4CC6-43A7-87FA-3F660AD78328}.Release|x86.ActiveCfg = Release|Win32
		{A558EE57-4CC6-43A7-87FA-3F660AD78328}.Release|x86.Build.0 = Release|Win32
		{0B86C59E-A390-4750-B36F-F482D5BD1C96}.Debug|x64.ActiveCfg = Debug|x64
		{0B86C59E-A390-4750-B36F-F482D5BD1C96}.Debug|x64.Build.0 = Debug|x64
		{0B86C59E-A390-4750-B36F-F482D5BD1C96}.Debug|x86.ActiveCfg = Debug|Win32
		{0B86C59E-A390-4750-B36F-F482D5BD1C96}.Debug|x86.Build.0 = Debug|Win32
		{0B86C59E-A390-4750-B36F-F482D5BD1C96}.Release|x64.ActiveCfg = Release|x64
		{0B86C59E-A390-4750-B36F-F482D5BD1C96}.Release|x64.Build.0 = Release|x64
		{0B86C59E-A390-4750-B36F-F482D5BD1C96}.Release|x86.ActiveCfg = Release|Win32
		{0B86C59E-A390-4750-B36F-F482D5BD1C96}.Release|x86.Build.0 = Release|Win32
		{11ECFAB8-34AB-48B7-9957-A5CA87DE7C0A}.Debug|x64.ActiveCfg = Debug|x64
		{11ECFAB8-34AB-48B7-9957-A5CA87DE7C0A}.Debug|x64.Build.0 = Debug|x64
		{11ECFAB8-34AB-48B7-9957-A5CA87DE7C0A}.Debug|x86.ActiveCfg = Debug|Win32
		{11ECFAB8-34AB-48B7-9957-A5CA87DE7C0A}.Debug|x86.Build.0 = Debug|Win32
		{11ECFAB8-34AB-48B7-9957-A5CA87DE7C0A}.Release|x64.ActiveCfg = Release|x64
		{11ECFAB8-34AB-48B7-9957-A5CA87DE7C0A}.Release|x64.Build.0 = Release|x64
		{11ECFAB8-34AB-48B7-9957-A5CA87DE7C0A}.Release|x86.ActiveCfg = Release|Win32
		{11ECFAB8-34AB-48B7-9957-A5CA87DE7C0A}.Release|x86.Build.0 = Release|Win32
		{FBAE6269-FD5F-4DEF-9AE0-6468811886E7}.Debug|x64.ActiveCfg = Debug|x64
		{FBAE6269-FD5F-4DEF-9AE0-6468811886E7}.Debug|x64.Build.0 = Debug|x64
		{FBAE6269-FD5F-4DEF-9AE0-6468811886E7}.Debug|x86.ActiveCfg = Debug|Win32
		{FBAE6269-FD5F-4DEF-9AE0-6468811886E7}.Debug|x86.Build.0 = Debug|Win32
		{FBAE6269-FD5F-4DEF-9AE0-6468811886E7}.Release|x64.ActiveCfg = Release|x64
		{FBAE6269-FD5F-4DEF-9AE0-6468811886E7}.Release|x64.Build.0 = Release|x64
		{FBAE6269-FD5F-4DEF-9AE0-6468811886E7}.Release|x86.ActiveCfg = Release|Win32
		{FBAE6269-FD5F-4DEF-9AE0-6468811886E7}.Release|x86.Build.0 = Release|Win32
		{B6AA5ECB-E773-4888-952E-174DBAA008A5}.Debug|x64.ActiveCfg = Debug|x64
		{B6AA5ECB-E773-4888-952E-174DBAA008A5}.Debug|x64.Build.0 = Debug|x64
		{B6AA5ECB-E773-4888-952E-174DBAA008A5}.Debug|x86.ActiveCfg = Debug|Win32
		{B6AA5ECB-E773-4888-952E-174DBAA008A5}.Debug|x86.Build.0 = Debug|Win32
		{B6AA5ECB-E773-4888-952E-174DBAA008A5}.Release|x64.ActiveCfg = Release|x64
		{B6AA5ECB-E773-4888-952E-174DBAA008A5}.Release|x64.Build.0 = Release|x64
		{B6AA5ECB-E773-4888-952E-174DBAA008A5}.Release|x86.ActiveCfg = Release|Win32
		{B6AA5ECB-E773-4888-952E-174DBAA008A5}.Release|x86.Build.0 = Release|Win32
		{12ACEF7E-5C23-4014-9AC9-CFD5CA608AE4}.Debug|x64.ActiveCfg = Debug|x64
		{12ACEF7E-5C23-4014-9AC9-CFD5CA608AE4}.Debug|x64.Build.0 = Debug|x64
		{12ACEF7E-5C23-4014-9AC9-CFD5CA608AE4}.Debug|x86.ActiveCfg = Debug|Win32
		{12ACEF7E-5C23-4014-9AC9-CFD5CA608AE4}.Debug|x86.Build.0 = Debug|Win32
		{12ACEF7E-5C23-4014-9AC9-CFD5CA608AE4}.Release|x64.ActiveCfg = Release|x64
		{12ACEF7E-5C23-4014-9AC9-CFD5CA608AE4}.Release|x64.Build.0 = Release|x64
		{12ACEF7E-5C23-4014-9AC9-CFD5CA608AE4}.Release|x86.ActiveCfg = Release|Win32
		{12ACEF7E-5C23-4014-9AC9-CFD5CA608AE4}.Release|x86.Build.0 = Release|Win32
		{B0D9DC9F-BB4C-4D02-A3C9-F714BF33AFF5}.Debug|x64.ActiveCfg = Debug|x64
		{B0D9DC9F-BB4C-4D02-A3C9-F714BF33AFF5}.Debug|x64.Build.0 = Debug|x64
		{B0D9DC9F-BB4C-4D02-A3C9-F714BF33AFF5}.Debug|x86.ActiveCfg = Debug|Win32
		{B0D9DC9F-BB4C-4D02-A3C9-F714BF33AFF5}.Debug|x86.Build.0 = Debug|Win32
		{B0D9DC9F-BB4C-4D02-A3C9-F714BF33AFF5}.Release|x64.ActiveCfg = Release|x64
		{B0D9DC9F-BB4C-4D02-A3C9-F714BF33AFF5}.Release|x64.Build.0 = Release|x64
		{B0D9DC9F-BB4C-4D02-A3C9-F714BF33AFF5}.Release|x86.ActiveCfg = Release|Win32
		{B0D9DC9F-BB4C-4D02-A3C9-F714BF33AFF5}.Release|x86.Build.0 = Release|Win32
		{537F2762-8565-447F-BBA7-200392196B54}.Debug|x64.ActiveCfg = Debug|x64
		{537F2762-8565-447F-BBA7-200392196B54}.Debug|x64.Build.0 = Debug|x64
		{537F2762-8565-447F-BBA7-200392196B54}.Debug|x86.ActiveCfg = Debug|Win32
		{537F2762-8565-447F-BBA7-200392196B54}.Debug|x86.Build.0 = Debug|Win32
		{537F2762-8565-447F-BBA7-200392196B54}.Release|x64.ActiveCfg = Release|x64
		{537F2762-8565-447F-BBA7-200392196B54}.Release|x64.Build.0 = Release|x64
		{537F2762-8565-447F-BBA7-200392196B54}.Release|x86.ActiveCfg = Release|Win32
		{537F2762-8565-447F-BBA7-200392196B54}.Release|x86.Build.0 = Release|Win32
		{3D302A20-D594-4287-9AEF-E7ADF15DBBFD}.Debug|x64.ActiveCfg = Debug|x64
		{3D302A20-D594-4287-9AEF-E7ADF15DBBFD}.Debug|x64.Build.0 = Debug|x64
		{3D302A20-D594-4287-9AEF-E7ADF15DBBFD}.Debug|x86.ActiveCfg = Debug|Win32
		{3D302A20-D594-4287-9AEF-E7ADF15DBBFD}.Debug|x86.Build.0 = Debug|Win32
		{3D302A20-D594-4287-9AEF-E7ADF15DBBFD}.Release|x64.ActiveCfg = Release|x64
		{3D302A20-D594-4287-9AEF-E7ADF15DBBFD}.Release|x64.Build.0 = Release|x64
		{3D302A20-D594-4287-9AEF-E7ADF15DBBFD}.Release|x86.ActiveCfg = Release|Win32
		{3D302A20-D594-4287-9AEF-E7ADF15DBBFD}.Release|x86.Build.0 = Release|Win32
		{F48BE91C-98B8-44B8-9C76-FD493D13A3AF}.Debug|x64.ActiveCfg = Debug|x64
		{F48BE91C-98B8-44B8-9C76-FD493D13A3AF}.Debug|x64.Build.0 = Debug|x64
		{F48BE91C-98B8-44B8-9C76-FD493D13A3AF}.Debug|x86.ActiveCfg = Debug|Win32
		{F48BE91C-98B8-44B8-9C76-FD493D13A3AF}.Debug|x86.Build.0 = Debug|Win32
		{F48BE91C-98B8-44B8-9C76-FD493D13A3AF}.Release|x64.ActiveCfg = Release|x64
		{F48BE91C-98B8-44B8-9C76-FD493D13A3AF}.Release|x64.Build.0 = Release|x64
		{F48BE91C-98B8-44B8-9C76-FD493D13A3AF}.Release|x86.ActiveCfg = Release|Win32
		{F48BE91C-98B8-44B8-9C76-FD493D13A3AF}.Release|x86.Build.0 = Release|Win32
	EndGlobalSection
	GlobalSection(SolutionProperties) = preSolution
		HideSolutionNode = FALSE
	EndGlobalSection
EndGlobal
