
Microsoft Visual Studio Solution File, Format Version 12.00
# Visual Studio 14
VisualStudioVersion = 14.0.25420.1
MinimumVisualStudioVersion = 10.0.40219.1
Project("{8BC9CEB8-8B4A-11D0-8D11-00A0C91BC942}") = "MEGAIT_DataStructure", "DataStructure\DataStructure.vcxproj", "{7603A678-1F6B-4119-A303-BFE808393217}"
EndProject
Project("{8BC9CEB8-8B4A-11D0-8D11-00A0C91BC942}") = "MEGAIT_Enrolment", "Enrolment\Enrolment.vcxproj", "{5DEEB1C0-D412-4ECE-9D46-07D3BDFBFA4A}"
EndProject
Project("{8BC9CEB8-8B4A-11D0-8D11-00A0C91BC942}") = "Gunny_DoubleLinkedList", "Gunny_DoubleLinkedList\Gunny_DoubleLinkedList.vcxproj", "{784AD037-532E-4EE3-BDFC-F6BBFD28F8A0}"
EndProject
Project("{8BC9CEB8-8B4A-11D0-8D11-00A0C91BC942}") = "Gunny_Stack", "Gunny_Stack\Gunny_Stack.vcxproj", "{BE222105-AF00-4379-BBC8-95FF846102FC}"
EndProject
Project("{8BC9CEB8-8B4A-11D0-8D11-00A0C91BC942}") = "Gunny_Stack_Bracket", "Gunny_Stack_Bracket\Gunny_Stack_Bracket.vcxproj", "{8C5C8354-EBCB-46D6-BBBE-2C572D78F509}"
EndProject
Project("{8BC9CEB8-8B4A-11D0-8D11-00A0C91BC942}") = "Gunny_Queue", "Gunny_Queue\Gunny_Queue.vcxproj", "{3BA320C7-830F-4EB8-BFAA-C23B16878BA8}"
EndProject
Project("{8BC9CEB8-8B4A-11D0-8D11-00A0C91BC942}") = "KKJ_CircularQueue", "KKJ_CircularQueue\KKJ_CircularQueue.vcxproj", "{532EE8F3-2CF0-42E2-A488-F96962632DCD}"
EndProject
Project("{8BC9CEB8-8B4A-11D0-8D11-00A0C91BC942}") = "KOCW_Queue_StaticArray", "KOCW_Queue\KOCW_Queue.vcxproj", "{48B5C53F-2C9F-45B6-9654-BC850D629A68}"
EndProject
Project("{8BC9CEB8-8B4A-11D0-8D11-00A0C91BC942}") = "KOCW_Queue_DynamicArray", "KOCW_Queue_DynamicArray\KOCW_Queue_DynamicArray.vcxproj", "{0B7541D7-958E-4C13-8EF9-5905EBDA0F16}"
EndProject
Project("{8BC9CEB8-8B4A-11D0-8D11-00A0C91BC942}") = "KOCW_Queue_LinkedList", "KOCW_Queue_LinkedList\KOCW_Queue_LinkedList.vcxproj", "{CDB49996-6179-4F78-A6DA-40BBAED46B8E}"
EndProject
Project("{8BC9CEB8-8B4A-11D0-8D11-00A0C91BC942}") = "KOCW_BinaryTree", "KOCW_tree\KOCW_tree.vcxproj", "{0A5521F3-B7AB-4BD8-B5AD-3E2BD506AFED}"
EndProject
Project("{8BC9CEB8-8B4A-11D0-8D11-00A0C91BC942}") = "KOCW_BinarySearchTree", "KOCW_BinarySearchTree\KOCW_BinarySearchTree.vcxproj", "{ED837E3B-90B9-41CA-A44F-A2B7AA2F8CA2}"
EndProject
Project("{8BC9CEB8-8B4A-11D0-8D11-00A0C91BC942}") = "KOCW_BalancedBinarySearchTree", "KOCW_BalancedBinarySearchTree\KOCW_BalancedBinarySearchTree.vcxproj", "{AA869272-0B3D-4319-8FDC-755ADD5C6D97}"
EndProject
Project("{8BC9CEB8-8B4A-11D0-8D11-00A0C91BC942}") = "KOCW_PriorityQueue", "KOCW_PriorityQueue\KOCW_PriorityQueue.vcxproj", "{35F347F4-271D-4311-9901-7E9D339B566D}"
EndProject
Project("{8BC9CEB8-8B4A-11D0-8D11-00A0C91BC942}") = "KOCW_GraphAlgorithms_Part1", "KOCW_GraphAlgorithms_Part1\KOCW_GraphAlgorithms_Part1.vcxproj", "{12DEDD74-DF1D-484E-BFFA-73BBE7CA8905}"
EndProject
Project("{8BC9CEB8-8B4A-11D0-8D11-00A0C91BC942}") = "KOCW_GraphAlgorithms_Part2", "KOCW_GraphAlgorithms_Part2\KOCW_GraphAlgorithms_Part2.vcxproj", "{573A078F-866A-4AC6-B4FF-5F3CB071C5A7}"
EndProject
Project("{8BC9CEB8-8B4A-11D0-8D11-00A0C91BC942}") = "KOCW_Sorting", "KOCW_Sorting\KOCW_Sorting.vcxproj", "{B464190A-41A1-41F8-8951-B6D94AC7C3A8}"
EndProject
Project("{8BC9CEB8-8B4A-11D0-8D11-00A0C91BC942}") = "MEGAIT_Stack", "MEGAIT_Stack\MEGAIT_Stack.vcxproj", "{4670B198-FF8A-4E09-BFE6-08BD491CA9F4}"
EndProject
Project("{8BC9CEB8-8B4A-11D0-8D11-00A0C91BC942}") = "MEGAIT_Stack_Mine", "MEGAIT_Stack_Mine\MEGAIT_Stack_Mine.vcxproj", "{45B9DBA7-779F-45D3-BF4F-EB09E26D4430}"
EndProject
Project("{8BC9CEB8-8B4A-11D0-8D11-00A0C91BC942}") = "MEGAIT_Stack_Maze", "MEGAIT_Stack_Maze\MEGAIT_Stack_Maze.vcxproj", "{34CBBEED-B934-46BF-B95E-C675B4014F40}"
EndProject
Project("{8BC9CEB8-8B4A-11D0-8D11-00A0C91BC942}") = "MEGAIT_Queue_Maze", "MEGAIT_Queue)Maze\MEGAIT_Queue)Maze.vcxproj", "{4D31EBF8-8748-4103-B890-62B0C68432B1}"
EndProject
Project("{8BC9CEB8-8B4A-11D0-8D11-00A0C91BC942}") = "MEGAIT_Queue", "MEGAIT_Queue\MEGAIT_Queue.vcxproj", "{FF34D445-7393-44A5-BBA1-91D94CC0A332}"
EndProject
Project("{8BC9CEB8-8B4A-11D0-8D11-00A0C91BC942}") = "A_Learning", "Learning\Learning.vcxproj", "{00AA538D-AFC6-4AA6-B75F-81E1FBF9166E}"
EndProject
Project("{8BC9CEB8-8B4A-11D0-8D11-00A0C91BC942}") = "MEGAIT_Tree", "MEGAIT_Tree\MEGAIT_Tree.vcxproj", "{0E6FE276-8638-4B2E-BFAA-58C0F5C0651E}"
EndProject
Project("{8BC9CEB8-8B4A-11D0-8D11-00A0C91BC942}") = "MEGAIT_Graph", "MEGAIT_Graph\MEGAIT_Graph.vcxproj", "{24C7702D-0D13-43ED-AF1D-77894777082E}"
EndProject
Project("{8BC9CEB8-8B4A-11D0-8D11-00A0C91BC942}") = "MEGAIT_Tetris", "MEGAIT_Tetris\MEGAIT_Tetris.vcxproj", "{1B5BE8F0-226D-4AC8-AE95-D69335F92716}"
EndProject
Project("{8BC9CEB8-8B4A-11D0-8D11-00A0C91BC942}") = "MEGAIT_Recursion", "MEGAIT_Recursion\MEGAIT_Recursion.vcxproj", "{A1C7EAF3-BF87-494E-A91D-E53AC0E5EE08}"
EndProject
Project("{8BC9CEB8-8B4A-11D0-8D11-00A0C91BC942}") = "MEGAIT_RecursionHanoi", "MEGAIT_RecursionHanoi\MEGAIT_RecursionHanoi.vcxproj", "{5FEB4BC2-EF84-4ECB-A775-7F56BE1373A8}"
EndProject
Project("{8BC9CEB8-8B4A-11D0-8D11-00A0C91BC942}") = "MEGAIT_RecursionLabel", "MEGAIT_RecursionLabel\MEGAIT_RecursionLabel.vcxproj", "{07E53BF1-9ACD-4E35-85E2-C40E1066B0D0}"
EndProject
Project("{8BC9CEB8-8B4A-11D0-8D11-00A0C91BC942}") = "MEGAIT_Stack_Calc", "MEGAIT_Stack_Calc\MEGAIT_Stack_Calc.vcxproj", "{68696D1E-38D7-4ADA-B009-61ED6BBDA529}"
EndProject
Project("{8BC9CEB8-8B4A-11D0-8D11-00A0C91BC942}") = "OH_Ex1string", "oh_ds_ex1_string\oh_ds_ex1_string.vcxproj", "{D0C57D44-14B1-40C1-8668-44145546A45A}"
EndProject
Project("{8BC9CEB8-8B4A-11D0-8D11-00A0C91BC942}") = "OH_MusicLibraryProgram", "OH_MusicLibraryProgram\OH_MusicLibraryProgram.vcxproj", "{C82C9736-9720-4F89-BA96-F8EEB94D5728}"
EndProject
Project("{8BC9CEB8-8B4A-11D0-8D11-00A0C91BC942}") = "OH_Stack_PostfixExpression", "OH_Stack_PostfixExpression\OH_Stack_PostfixExpression.vcxproj", "{F79DE8FB-6787-49DC-8386-B3C859711776}"
EndProject
Project("{8BC9CEB8-8B4A-11D0-8D11-00A0C91BC942}") = "OH_Stack_Parenthesis", "OH_Stack_Parenthesis\OH_Stack_Parenthesis.vcxproj", "{1E6BD056-10EB-437B-846A-1B4B591AEA44}"
EndProject
Project("{8BC9CEB8-8B4A-11D0-8D11-00A0C91BC942}") = "OH_Stack", "OH_Stack\OH_Stack.vcxproj", "{7658FEB4-55FF-4B71-B747-6B02D409B01B}"
EndProject
Global
	GlobalSection(SolutionConfigurationPlatforms) = preSolution
		Debug|x64 = Debug|x64
		Debug|x86 = Debug|x86
		Release|x64 = Release|x64
		Release|x86 = Release|x86
	EndGlobalSection
	GlobalSection(ProjectConfigurationPlatforms) = postSolution
		{7603A678-1F6B-4119-A303-BFE808393217}.Debug|x64.ActiveCfg = Debug|x64
		{7603A678-1F6B-4119-A303-BFE808393217}.Debug|x64.Build.0 = Debug|x64
		{7603A678-1F6B-4119-A303-BFE808393217}.Debug|x86.ActiveCfg = Debug|Win32
		{7603A678-1F6B-4119-A303-BFE808393217}.Debug|x86.Build.0 = Debug|Win32
		{7603A678-1F6B-4119-A303-BFE808393217}.Release|x64.ActiveCfg = Release|x64
		{7603A678-1F6B-4119-A303-BFE808393217}.Release|x64.Build.0 = Release|x64
		{7603A678-1F6B-4119-A303-BFE808393217}.Release|x86.ActiveCfg = Release|Win32
		{7603A678-1F6B-4119-A303-BFE808393217}.Release|x86.Build.0 = Release|Win32
		{5DEEB1C0-D412-4ECE-9D46-07D3BDFBFA4A}.Debug|x64.ActiveCfg = Debug|x64
		{5DEEB1C0-D412-4ECE-9D46-07D3BDFBFA4A}.Debug|x64.Build.0 = Debug|x64
		{5DEEB1C0-D412-4ECE-9D46-07D3BDFBFA4A}.Debug|x86.ActiveCfg = Debug|Win32
		{5DEEB1C0-D412-4ECE-9D46-07D3BDFBFA4A}.Debug|x86.Build.0 = Debug|Win32
		{5DEEB1C0-D412-4ECE-9D46-07D3BDFBFA4A}.Release|x64.ActiveCfg = Release|x64
		{5DEEB1C0-D412-4ECE-9D46-07D3BDFBFA4A}.Release|x64.Build.0 = Release|x64
		{5DEEB1C0-D412-4ECE-9D46-07D3BDFBFA4A}.Release|x86.ActiveCfg = Release|Win32
		{5DEEB1C0-D412-4ECE-9D46-07D3BDFBFA4A}.Release|x86.Build.0 = Release|Win32
		{784AD037-532E-4EE3-BDFC-F6BBFD28F8A0}.Debug|x64.ActiveCfg = Debug|x64
		{784AD037-532E-4EE3-BDFC-F6BBFD28F8A0}.Debug|x64.Build.0 = Debug|x64
		{784AD037-532E-4EE3-BDFC-F6BBFD28F8A0}.Debug|x86.ActiveCfg = Debug|Win32
		{784AD037-532E-4EE3-BDFC-F6BBFD28F8A0}.Debug|x86.Build.0 = Debug|Win32
		{784AD037-532E-4EE3-BDFC-F6BBFD28F8A0}.Release|x64.ActiveCfg = Release|x64
		{784AD037-532E-4EE3-BDFC-F6BBFD28F8A0}.Release|x64.Build.0 = Release|x64
		{784AD037-532E-4EE3-BDFC-F6BBFD28F8A0}.Release|x86.ActiveCfg = Release|Win32
		{784AD037-532E-4EE3-BDFC-F6BBFD28F8A0}.Release|x86.Build.0 = Release|Win32
		{BE222105-AF00-4379-BBC8-95FF846102FC}.Debug|x64.ActiveCfg = Debug|x64
		{BE222105-AF00-4379-BBC8-95FF846102FC}.Debug|x64.Build.0 = Debug|x64
		{BE222105-AF00-4379-BBC8-95FF846102FC}.Debug|x86.ActiveCfg = Debug|Win32
		{BE222105-AF00-4379-BBC8-95FF846102FC}.Debug|x86.Build.0 = Debug|Win32
		{BE222105-AF00-4379-BBC8-95FF846102FC}.Release|x64.ActiveCfg = Release|x64
		{BE222105-AF00-4379-BBC8-95FF846102FC}.Release|x64.Build.0 = Release|x64
		{BE222105-AF00-4379-BBC8-95FF846102FC}.Release|x86.ActiveCfg = Release|Win32
		{BE222105-AF00-4379-BBC8-95FF846102FC}.Release|x86.Build.0 = Release|Win32
		{8C5C8354-EBCB-46D6-BBBE-2C572D78F509}.Debug|x64.ActiveCfg = Debug|x64
		{8C5C8354-EBCB-46D6-BBBE-2C572D78F509}.Debug|x64.Build.0 = Debug|x64
		{8C5C8354-EBCB-46D6-BBBE-2C572D78F509}.Debug|x86.ActiveCfg = Debug|Win32
		{8C5C8354-EBCB-46D6-BBBE-2C572D78F509}.Debug|x86.Build.0 = Debug|Win32
		{8C5C8354-EBCB-46D6-BBBE-2C572D78F509}.Release|x64.ActiveCfg = Release|x64
		{8C5C8354-EBCB-46D6-BBBE-2C572D78F509}.Release|x64.Build.0 = Release|x64
		{8C5C8354-EBCB-46D6-BBBE-2C572D78F509}.Release|x86.ActiveCfg = Release|Win32
		{8C5C8354-EBCB-46D6-BBBE-2C572D78F509}.Release|x86.Build.0 = Release|Win32
		{3BA320C7-830F-4EB8-BFAA-C23B16878BA8}.Debug|x64.ActiveCfg = Debug|x64
		{3BA320C7-830F-4EB8-BFAA-C23B16878BA8}.Debug|x64.Build.0 = Debug|x64
		{3BA320C7-830F-4EB8-BFAA-C23B16878BA8}.Debug|x86.ActiveCfg = Debug|Win32
		{3BA320C7-830F-4EB8-BFAA-C23B16878BA8}.Debug|x86.Build.0 = Debug|Win32
		{3BA320C7-830F-4EB8-BFAA-C23B16878BA8}.Release|x64.ActiveCfg = Release|x64
		{3BA320C7-830F-4EB8-BFAA-C23B16878BA8}.Release|x64.Build.0 = Release|x64
		{3BA320C7-830F-4EB8-BFAA-C23B16878BA8}.Release|x86.ActiveCfg = Release|Win32
		{3BA320C7-830F-4EB8-BFAA-C23B16878BA8}.Release|x86.Build.0 = Release|Win32
		{532EE8F3-2CF0-42E2-A488-F96962632DCD}.Debug|x64.ActiveCfg = Debug|x64
		{532EE8F3-2CF0-42E2-A488-F96962632DCD}.Debug|x64.Build.0 = Debug|x64
		{532EE8F3-2CF0-42E2-A488-F96962632DCD}.Debug|x86.ActiveCfg = Debug|Win32
		{532EE8F3-2CF0-42E2-A488-F96962632DCD}.Debug|x86.Build.0 = Debug|Win32
		{532EE8F3-2CF0-42E2-A488-F96962632DCD}.Release|x64.ActiveCfg = Release|x64
		{532EE8F3-2CF0-42E2-A488-F96962632DCD}.Release|x64.Build.0 = Release|x64
		{532EE8F3-2CF0-42E2-A488-F96962632DCD}.Release|x86.ActiveCfg = Release|Win32
		{532EE8F3-2CF0-42E2-A488-F96962632DCD}.Release|x86.Build.0 = Release|Win32
		{48B5C53F-2C9F-45B6-9654-BC850D629A68}.Debug|x64.ActiveCfg = Debug|x64
		{48B5C53F-2C9F-45B6-9654-BC850D629A68}.Debug|x64.Build.0 = Debug|x64
		{48B5C53F-2C9F-45B6-9654-BC850D629A68}.Debug|x86.ActiveCfg = Debug|Win32
		{48B5C53F-2C9F-45B6-9654-BC850D629A68}.Debug|x86.Build.0 = Debug|Win32
		{48B5C53F-2C9F-45B6-9654-BC850D629A68}.Release|x64.ActiveCfg = Release|x64
		{48B5C53F-2C9F-45B6-9654-BC850D629A68}.Release|x64.Build.0 = Release|x64
		{48B5C53F-2C9F-45B6-9654-BC850D629A68}.Release|x86.ActiveCfg = Release|Win32
		{48B5C53F-2C9F-45B6-9654-BC850D629A68}.Release|x86.Build.0 = Release|Win32
		{0B7541D7-958E-4C13-8EF9-5905EBDA0F16}.Debug|x64.ActiveCfg = Debug|x64
		{0B7541D7-958E-4C13-8EF9-5905EBDA0F16}.Debug|x64.Build.0 = Debug|x64
		{0B7541D7-958E-4C13-8EF9-5905EBDA0F16}.Debug|x86.ActiveCfg = Debug|Win32
		{0B7541D7-958E-4C13-8EF9-5905EBDA0F16}.Debug|x86.Build.0 = Debug|Win32
		{0B7541D7-958E-4C13-8EF9-5905EBDA0F16}.Release|x64.ActiveCfg = Release|x64
		{0B7541D7-958E-4C13-8EF9-5905EBDA0F16}.Release|x64.Build.0 = Release|x64
		{0B7541D7-958E-4C13-8EF9-5905EBDA0F16}.Release|x86.ActiveCfg = Release|Win32
		{0B7541D7-958E-4C13-8EF9-5905EBDA0F16}.Release|x86.Build.0 = Release|Win32
		{CDB49996-6179-4F78-A6DA-40BBAED46B8E}.Debug|x64.ActiveCfg = Debug|x64
		{CDB49996-6179-4F78-A6DA-40BBAED46B8E}.Debug|x64.Build.0 = Debug|x64
		{CDB49996-6179-4F78-A6DA-40BBAED46B8E}.Debug|x86.ActiveCfg = Debug|Win32
		{CDB49996-6179-4F78-A6DA-40BBAED46B8E}.Debug|x86.Build.0 = Debug|Win32
		{CDB49996-6179-4F78-A6DA-40BBAED46B8E}.Release|x64.ActiveCfg = Release|x64
		{CDB49996-6179-4F78-A6DA-40BBAED46B8E}.Release|x64.Build.0 = Release|x64
		{CDB49996-6179-4F78-A6DA-40BBAED46B8E}.Release|x86.ActiveCfg = Release|Win32
		{CDB49996-6179-4F78-A6DA-40BBAED46B8E}.Release|x86.Build.0 = Release|Win32
		{0A5521F3-B7AB-4BD8-B5AD-3E2BD506AFED}.Debug|x64.ActiveCfg = Debug|x64
		{0A5521F3-B7AB-4BD8-B5AD-3E2BD506AFED}.Debug|x64.Build.0 = Debug|x64
		{0A5521F3-B7AB-4BD8-B5AD-3E2BD506AFED}.Debug|x86.ActiveCfg = Debug|Win32
		{0A5521F3-B7AB-4BD8-B5AD-3E2BD506AFED}.Debug|x86.Build.0 = Debug|Win32
		{0A5521F3-B7AB-4BD8-B5AD-3E2BD506AFED}.Release|x64.ActiveCfg = Release|x64
		{0A5521F3-B7AB-4BD8-B5AD-3E2BD506AFED}.Release|x64.Build.0 = Release|x64
		{0A5521F3-B7AB-4BD8-B5AD-3E2BD506AFED}.Release|x86.ActiveCfg = Release|Win32
		{0A5521F3-B7AB-4BD8-B5AD-3E2BD506AFED}.Release|x86.Build.0 = Release|Win32
		{ED837E3B-90B9-41CA-A44F-A2B7AA2F8CA2}.Debug|x64.ActiveCfg = Debug|x64
		{ED837E3B-90B9-41CA-A44F-A2B7AA2F8CA2}.Debug|x64.Build.0 = Debug|x64
		{ED837E3B-90B9-41CA-A44F-A2B7AA2F8CA2}.Debug|x86.ActiveCfg = Debug|Win32
		{ED837E3B-90B9-41CA-A44F-A2B7AA2F8CA2}.Debug|x86.Build.0 = Debug|Win32
		{ED837E3B-90B9-41CA-A44F-A2B7AA2F8CA2}.Release|x64.ActiveCfg = Release|x64
		{ED837E3B-90B9-41CA-A44F-A2B7AA2F8CA2}.Release|x64.Build.0 = Release|x64
		{ED837E3B-90B9-41CA-A44F-A2B7AA2F8CA2}.Release|x86.ActiveCfg = Release|Win32
		{ED837E3B-90B9-41CA-A44F-A2B7AA2F8CA2}.Release|x86.Build.0 = Release|Win32
		{AA869272-0B3D-4319-8FDC-755ADD5C6D97}.Debug|x64.ActiveCfg = Debug|x64
		{AA869272-0B3D-4319-8FDC-755ADD5C6D97}.Debug|x64.Build.0 = Debug|x64
		{AA869272-0B3D-4319-8FDC-755ADD5C6D97}.Debug|x86.ActiveCfg = Debug|Win32
		{AA869272-0B3D-4319-8FDC-755ADD5C6D97}.Debug|x86.Build.0 = Debug|Win32
		{AA869272-0B3D-4319-8FDC-755ADD5C6D97}.Release|x64.ActiveCfg = Release|x64
		{AA869272-0B3D-4319-8FDC-755ADD5C6D97}.Release|x64.Build.0 = Release|x64
		{AA869272-0B3D-4319-8FDC-755ADD5C6D97}.Release|x86.ActiveCfg = Release|Win32
		{AA869272-0B3D-4319-8FDC-755ADD5C6D97}.Release|x86.Build.0 = Release|Win32
		{35F347F4-271D-4311-9901-7E9D339B566D}.Debug|x64.ActiveCfg = Debug|x64
		{35F347F4-271D-4311-9901-7E9D339B566D}.Debug|x64.Build.0 = Debug|x64
		{35F347F4-271D-4311-9901-7E9D339B566D}.Debug|x86.ActiveCfg = Debug|Win32
		{35F347F4-271D-4311-9901-7E9D339B566D}.Debug|x86.Build.0 = Debug|Win32
		{35F347F4-271D-4311-9901-7E9D339B566D}.Release|x64.ActiveCfg = Release|x64
		{35F347F4-271D-4311-9901-7E9D339B566D}.Release|x64.Build.0 = Release|x64
		{35F347F4-271D-4311-9901-7E9D339B566D}.Release|x86.ActiveCfg = Release|Win32
		{35F347F4-271D-4311-9901-7E9D339B566D}.Release|x86.Build.0 = Release|Win32
		{12DEDD74-DF1D-484E-BFFA-73BBE7CA8905}.Debug|x64.ActiveCfg = Debug|x64
		{12DEDD74-DF1D-484E-BFFA-73BBE7CA8905}.Debug|x64.Build.0 = Debug|x64
		{12DEDD74-DF1D-484E-BFFA-73BBE7CA8905}.Debug|x86.ActiveCfg = Debug|Win32
		{12DEDD74-DF1D-484E-BFFA-73BBE7CA8905}.Debug|x86.Build.0 = Debug|Win32
		{12DEDD74-DF1D-484E-BFFA-73BBE7CA8905}.Release|x64.ActiveCfg = Release|x64
		{12DEDD74-DF1D-484E-BFFA-73BBE7CA8905}.Release|x64.Build.0 = Release|x64
		{12DEDD74-DF1D-484E-BFFA-73BBE7CA8905}.Release|x86.ActiveCfg = Release|Win32
		{12DEDD74-DF1D-484E-BFFA-73BBE7CA8905}.Release|x86.Build.0 = Release|Win32
		{573A078F-866A-4AC6-B4FF-5F3CB071C5A7}.Debug|x64.ActiveCfg = Debug|x64
		{573A078F-866A-4AC6-B4FF-5F3CB071C5A7}.Debug|x64.Build.0 = Debug|x64
		{573A078F-866A-4AC6-B4FF-5F3CB071C5A7}.Debug|x86.ActiveCfg = Debug|Win32
		{573A078F-866A-4AC6-B4FF-5F3CB071C5A7}.Debug|x86.Build.0 = Debug|Win32
		{573A078F-866A-4AC6-B4FF-5F3CB071C5A7}.Release|x64.ActiveCfg = Release|x64
		{573A078F-866A-4AC6-B4FF-5F3CB071C5A7}.Release|x64.Build.0 = Release|x64
		{573A078F-866A-4AC6-B4FF-5F3CB071C5A7}.Release|x86.ActiveCfg = Release|Win32
		{573A078F-866A-4AC6-B4FF-5F3CB071C5A7}.Release|x86.Build.0 = Release|Win32
		{B464190A-41A1-41F8-8951-B6D94AC7C3A8}.Debug|x64.ActiveCfg = Debug|x64
		{B464190A-41A1-41F8-8951-B6D94AC7C3A8}.Debug|x64.Build.0 = Debug|x64
		{B464190A-41A1-41F8-8951-B6D94AC7C3A8}.Debug|x86.ActiveCfg = Debug|Win32
		{B464190A-41A1-41F8-8951-B6D94AC7C3A8}.Debug|x86.Build.0 = Debug|Win32
		{B464190A-41A1-41F8-8951-B6D94AC7C3A8}.Release|x64.ActiveCfg = Release|x64
		{B464190A-41A1-41F8-8951-B6D94AC7C3A8}.Release|x64.Build.0 = Release|x64
		{B464190A-41A1-41F8-8951-B6D94AC7C3A8}.Release|x86.ActiveCfg = Release|Win32
		{B464190A-41A1-41F8-8951-B6D94AC7C3A8}.Release|x86.Build.0 = Release|Win32
		{4670B198-FF8A-4E09-BFE6-08BD491CA9F4}.Debug|x64.ActiveCfg = Debug|x64
		{4670B198-FF8A-4E09-BFE6-08BD491CA9F4}.Debug|x64.Build.0 = Debug|x64
		{4670B198-FF8A-4E09-BFE6-08BD491CA9F4}.Debug|x86.ActiveCfg = Debug|Win32
		{4670B198-FF8A-4E09-BFE6-08BD491CA9F4}.Debug|x86.Build.0 = Debug|Win32
		{4670B198-FF8A-4E09-BFE6-08BD491CA9F4}.Release|x64.ActiveCfg = Release|x64
		{4670B198-FF8A-4E09-BFE6-08BD491CA9F4}.Release|x64.Build.0 = Release|x64
		{4670B198-FF8A-4E09-BFE6-08BD491CA9F4}.Release|x86.ActiveCfg = Release|Win32
		{4670B198-FF8A-4E09-BFE6-08BD491CA9F4}.Release|x86.Build.0 = Release|Win32
		{45B9DBA7-779F-45D3-BF4F-EB09E26D4430}.Debug|x64.ActiveCfg = Debug|x64
		{45B9DBA7-779F-45D3-BF4F-EB09E26D4430}.Debug|x64.Build.0 = Debug|x64
		{45B9DBA7-779F-45D3-BF4F-EB09E26D4430}.Debug|x86.ActiveCfg = Debug|Win32
		{45B9DBA7-779F-45D3-BF4F-EB09E26D4430}.Debug|x86.Build.0 = Debug|Win32
		{45B9DBA7-779F-45D3-BF4F-EB09E26D4430}.Release|x64.ActiveCfg = Release|x64
		{45B9DBA7-779F-45D3-BF4F-EB09E26D4430}.Release|x64.Build.0 = Release|x64
		{45B9DBA7-779F-45D3-BF4F-EB09E26D4430}.Release|x86.ActiveCfg = Release|Win32
		{45B9DBA7-779F-45D3-BF4F-EB09E26D4430}.Release|x86.Build.0 = Release|Win32
		{34CBBEED-B934-46BF-B95E-C675B4014F40}.Debug|x64.ActiveCfg = Debug|x64
		{34CBBEED-B934-46BF-B95E-C675B4014F40}.Debug|x64.Build.0 = Debug|x64
		{34CBBEED-B934-46BF-B95E-C675B4014F40}.Debug|x86.ActiveCfg = Debug|Win32
		{34CBBEED-B934-46BF-B95E-C675B4014F40}.Debug|x86.Build.0 = Debug|Win32
		{34CBBEED-B934-46BF-B95E-C675B4014F40}.Release|x64.ActiveCfg = Release|x64
		{34CBBEED-B934-46BF-B95E-C675B4014F40}.Release|x64.Build.0 = Release|x64
		{34CBBEED-B934-46BF-B95E-C675B4014F40}.Release|x86.ActiveCfg = Release|Win32
		{34CBBEED-B934-46BF-B95E-C675B4014F40}.Release|x86.Build.0 = Release|Win32
		{4D31EBF8-8748-4103-B890-62B0C68432B1}.Debug|x64.ActiveCfg = Debug|x64
		{4D31EBF8-8748-4103-B890-62B0C68432B1}.Debug|x64.Build.0 = Debug|x64
		{4D31EBF8-8748-4103-B890-62B0C68432B1}.Debug|x86.ActiveCfg = Debug|Win32
		{4D31EBF8-8748-4103-B890-62B0C68432B1}.Debug|x86.Build.0 = Debug|Win32
		{4D31EBF8-8748-4103-B890-62B0C68432B1}.Release|x64.ActiveCfg = Release|x64
		{4D31EBF8-8748-4103-B890-62B0C68432B1}.Release|x64.Build.0 = Release|x64
		{4D31EBF8-8748-4103-B890-62B0C68432B1}.Release|x86.ActiveCfg = Release|Win32
		{4D31EBF8-8748-4103-B890-62B0C68432B1}.Release|x86.Build.0 = Release|Win32
		{FF34D445-7393-44A5-BBA1-91D94CC0A332}.Debug|x64.ActiveCfg = Debug|x64
		{FF34D445-7393-44A5-BBA1-91D94CC0A332}.Debug|x64.Build.0 = Debug|x64
		{FF34D445-7393-44A5-BBA1-91D94CC0A332}.Debug|x86.ActiveCfg = Debug|Win32
		{FF34D445-7393-44A5-BBA1-91D94CC0A332}.Debug|x86.Build.0 = Debug|Win32
		{FF34D445-7393-44A5-BBA1-91D94CC0A332}.Release|x64.ActiveCfg = Release|x64
		{FF34D445-7393-44A5-BBA1-91D94CC0A332}.Release|x64.Build.0 = Release|x64
		{FF34D445-7393-44A5-BBA1-91D94CC0A332}.Release|x86.ActiveCfg = Release|Win32
		{FF34D445-7393-44A5-BBA1-91D94CC0A332}.Release|x86.Build.0 = Release|Win32
		{00AA538D-AFC6-4AA6-B75F-81E1FBF9166E}.Debug|x64.ActiveCfg = Debug|x64
		{00AA538D-AFC6-4AA6-B75F-81E1FBF9166E}.Debug|x64.Build.0 = Debug|x64
		{00AA538D-AFC6-4AA6-B75F-81E1FBF9166E}.Debug|x86.ActiveCfg = Debug|Win32
		{00AA538D-AFC6-4AA6-B75F-81E1FBF9166E}.Debug|x86.Build.0 = Debug|Win32
		{00AA538D-AFC6-4AA6-B75F-81E1FBF9166E}.Release|x64.ActiveCfg = Release|x64
		{00AA538D-AFC6-4AA6-B75F-81E1FBF9166E}.Release|x64.Build.0 = Release|x64
		{00AA538D-AFC6-4AA6-B75F-81E1FBF9166E}.Release|x86.ActiveCfg = Release|Win32
		{00AA538D-AFC6-4AA6-B75F-81E1FBF9166E}.Release|x86.Build.0 = Release|Win32
		{0E6FE276-8638-4B2E-BFAA-58C0F5C0651E}.Debug|x64.ActiveCfg = Debug|x64
		{0E6FE276-8638-4B2E-BFAA-58C0F5C0651E}.Debug|x64.Build.0 = Debug|x64
		{0E6FE276-8638-4B2E-BFAA-58C0F5C0651E}.Debug|x86.ActiveCfg = Debug|Win32
		{0E6FE276-8638-4B2E-BFAA-58C0F5C0651E}.Debug|x86.Build.0 = Debug|Win32
		{0E6FE276-8638-4B2E-BFAA-58C0F5C0651E}.Release|x64.ActiveCfg = Release|x64
		{0E6FE276-8638-4B2E-BFAA-58C0F5C0651E}.Release|x64.Build.0 = Release|x64
		{0E6FE276-8638-4B2E-BFAA-58C0F5C0651E}.Release|x86.ActiveCfg = Release|Win32
		{0E6FE276-8638-4B2E-BFAA-58C0F5C0651E}.Release|x86.Build.0 = Release|Win32
		{24C7702D-0D13-43ED-AF1D-77894777082E}.Debug|x64.ActiveCfg = Debug|x64
		{24C7702D-0D13-43ED-AF1D-77894777082E}.Debug|x64.Build.0 = Debug|x64
		{24C7702D-0D13-43ED-AF1D-77894777082E}.Debug|x86.ActiveCfg = Debug|Win32
		{24C7702D-0D13-43ED-AF1D-77894777082E}.Debug|x86.Build.0 = Debug|Win32
		{24C7702D-0D13-43ED-AF1D-77894777082E}.Release|x64.ActiveCfg = Release|x64
		{24C7702D-0D13-43ED-AF1D-77894777082E}.Release|x64.Build.0 = Release|x64
		{24C7702D-0D13-43ED-AF1D-77894777082E}.Release|x86.ActiveCfg = Release|Win32
		{24C7702D-0D13-43ED-AF1D-77894777082E}.Release|x86.Build.0 = Release|Win32
		{1B5BE8F0-226D-4AC8-AE95-D69335F92716}.Debug|x64.ActiveCfg = Debug|x64
		{1B5BE8F0-226D-4AC8-AE95-D69335F92716}.Debug|x64.Build.0 = Debug|x64
		{1B5BE8F0-226D-4AC8-AE95-D69335F92716}.Debug|x86.ActiveCfg = Debug|Win32
		{1B5BE8F0-226D-4AC8-AE95-D69335F92716}.Debug|x86.Build.0 = Debug|Win32
		{1B5BE8F0-226D-4AC8-AE95-D69335F92716}.Release|x64.ActiveCfg = Release|x64
		{1B5BE8F0-226D-4AC8-AE95-D69335F92716}.Release|x64.Build.0 = Release|x64
		{1B5BE8F0-226D-4AC8-AE95-D69335F92716}.Release|x86.ActiveCfg = Release|Win32
		{1B5BE8F0-226D-4AC8-AE95-D69335F92716}.Release|x86.Build.0 = Release|Win32
		{A1C7EAF3-BF87-494E-A91D-E53AC0E5EE08}.Debug|x64.ActiveCfg = Debug|x64
		{A1C7EAF3-BF87-494E-A91D-E53AC0E5EE08}.Debug|x64.Build.0 = Debug|x64
		{A1C7EAF3-BF87-494E-A91D-E53AC0E5EE08}.Debug|x86.ActiveCfg = Debug|Win32
		{A1C7EAF3-BF87-494E-A91D-E53AC0E5EE08}.Debug|x86.Build.0 = Debug|Win32
		{A1C7EAF3-BF87-494E-A91D-E53AC0E5EE08}.Release|x64.ActiveCfg = Release|x64
		{A1C7EAF3-BF87-494E-A91D-E53AC0E5EE08}.Release|x64.Build.0 = Release|x64
		{A1C7EAF3-BF87-494E-A91D-E53AC0E5EE08}.Release|x86.ActiveCfg = Release|Win32
		{A1C7EAF3-BF87-494E-A91D-E53AC0E5EE08}.Release|x86.Build.0 = Release|Win32
		{5FEB4BC2-EF84-4ECB-A775-7F56BE1373A8}.Debug|x64.ActiveCfg = Debug|x64
		{5FEB4BC2-EF84-4ECB-A775-7F56BE1373A8}.Debug|x64.Build.0 = Debug|x64
		{5FEB4BC2-EF84-4ECB-A775-7F56BE1373A8}.Debug|x86.ActiveCfg = Debug|Win32
		{5FEB4BC2-EF84-4ECB-A775-7F56BE1373A8}.Debug|x86.Build.0 = Debug|Win32
		{5FEB4BC2-EF84-4ECB-A775-7F56BE1373A8}.Release|x64.ActiveCfg = Release|x64
		{5FEB4BC2-EF84-4ECB-A775-7F56BE1373A8}.Release|x64.Build.0 = Release|x64
		{5FEB4BC2-EF84-4ECB-A775-7F56BE1373A8}.Release|x86.ActiveCfg = Release|Win32
		{5FEB4BC2-EF84-4ECB-A775-7F56BE1373A8}.Release|x86.Build.0 = Release|Win32
		{07E53BF1-9ACD-4E35-85E2-C40E1066B0D0}.Debug|x64.ActiveCfg = Debug|x64
		{07E53BF1-9ACD-4E35-85E2-C40E1066B0D0}.Debug|x64.Build.0 = Debug|x64
		{07E53BF1-9ACD-4E35-85E2-C40E1066B0D0}.Debug|x86.ActiveCfg = Debug|Win32
		{07E53BF1-9ACD-4E35-85E2-C40E1066B0D0}.Debug|x86.Build.0 = Debug|Win32
		{07E53BF1-9ACD-4E35-85E2-C40E1066B0D0}.Release|x64.ActiveCfg = Release|x64
		{07E53BF1-9ACD-4E35-85E2-C40E1066B0D0}.Release|x64.Build.0 = Release|x64
		{07E53BF1-9ACD-4E35-85E2-C40E1066B0D0}.Release|x86.ActiveCfg = Release|Win32
		{07E53BF1-9ACD-4E35-85E2-C40E1066B0D0}.Release|x86.Build.0 = Release|Win32
		{68696D1E-38D7-4ADA-B009-61ED6BBDA529}.Debug|x64.ActiveCfg = Debug|x64
		{68696D1E-38D7-4ADA-B009-61ED6BBDA529}.Debug|x64.Build.0 = Debug|x64
		{68696D1E-38D7-4ADA-B009-61ED6BBDA529}.Debug|x86.ActiveCfg = Debug|Win32
		{68696D1E-38D7-4ADA-B009-61ED6BBDA529}.Debug|x86.Build.0 = Debug|Win32
		{68696D1E-38D7-4ADA-B009-61ED6BBDA529}.Release|x64.ActiveCfg = Release|x64
		{68696D1E-38D7-4ADA-B009-61ED6BBDA529}.Release|x64.Build.0 = Release|x64
		{68696D1E-38D7-4ADA-B009-61ED6BBDA529}.Release|x86.ActiveCfg = Release|Win32
		{68696D1E-38D7-4ADA-B009-61ED6BBDA529}.Release|x86.Build.0 = Release|Win32
		{D0C57D44-14B1-40C1-8668-44145546A45A}.Debug|x64.ActiveCfg = Debug|x64
		{D0C57D44-14B1-40C1-8668-44145546A45A}.Debug|x64.Build.0 = Debug|x64
		{D0C57D44-14B1-40C1-8668-44145546A45A}.Debug|x86.ActiveCfg = Debug|Win32
		{D0C57D44-14B1-40C1-8668-44145546A45A}.Debug|x86.Build.0 = Debug|Win32
		{D0C57D44-14B1-40C1-8668-44145546A45A}.Release|x64.ActiveCfg = Release|x64
		{D0C57D44-14B1-40C1-8668-44145546A45A}.Release|x64.Build.0 = Release|x64
		{D0C57D44-14B1-40C1-8668-44145546A45A}.Release|x86.ActiveCfg = Release|Win32
		{D0C57D44-14B1-40C1-8668-44145546A45A}.Release|x86.Build.0 = Release|Win32
		{C82C9736-9720-4F89-BA96-F8EEB94D5728}.Debug|x64.ActiveCfg = Debug|x64
		{C82C9736-9720-4F89-BA96-F8EEB94D5728}.Debug|x64.Build.0 = Debug|x64
		{C82C9736-9720-4F89-BA96-F8EEB94D5728}.Debug|x86.ActiveCfg = Debug|Win32
		{C82C9736-9720-4F89-BA96-F8EEB94D5728}.Debug|x86.Build.0 = Debug|Win32
		{C82C9736-9720-4F89-BA96-F8EEB94D5728}.Release|x64.ActiveCfg = Release|x64
		{C82C9736-9720-4F89-BA96-F8EEB94D5728}.Release|x64.Build.0 = Release|x64
		{C82C9736-9720-4F89-BA96-F8EEB94D5728}.Release|x86.ActiveCfg = Release|Win32
		{C82C9736-9720-4F89-BA96-F8EEB94D5728}.Release|x86.Build.0 = Release|Win32
		{F79DE8FB-6787-49DC-8386-B3C859711776}.Debug|x64.ActiveCfg = Debug|x64
		{F79DE8FB-6787-49DC-8386-B3C859711776}.Debug|x64.Build.0 = Debug|x64
		{F79DE8FB-6787-49DC-8386-B3C859711776}.Debug|x86.ActiveCfg = Debug|Win32
		{F79DE8FB-6787-49DC-8386-B3C859711776}.Debug|x86.Build.0 = Debug|Win32
		{F79DE8FB-6787-49DC-8386-B3C859711776}.Release|x64.ActiveCfg = Release|x64
		{F79DE8FB-6787-49DC-8386-B3C859711776}.Release|x64.Build.0 = Release|x64
		{F79DE8FB-6787-49DC-8386-B3C859711776}.Release|x86.ActiveCfg = Release|Win32
		{F79DE8FB-6787-49DC-8386-B3C859711776}.Release|x86.Build.0 = Release|Win32
		{1E6BD056-10EB-437B-846A-1B4B591AEA44}.Debug|x64.ActiveCfg = Debug|x64
		{1E6BD056-10EB-437B-846A-1B4B591AEA44}.Debug|x64.Build.0 = Debug|x64
		{1E6BD056-10EB-437B-846A-1B4B591AEA44}.Debug|x86.ActiveCfg = Debug|Win32
		{1E6BD056-10EB-437B-846A-1B4B591AEA44}.Debug|x86.Build.0 = Debug|Win32
		{1E6BD056-10EB-437B-846A-1B4B591AEA44}.Release|x64.ActiveCfg = Release|x64
		{1E6BD056-10EB-437B-846A-1B4B591AEA44}.Release|x64.Build.0 = Release|x64
		{1E6BD056-10EB-437B-846A-1B4B591AEA44}.Release|x86.ActiveCfg = Release|Win32
		{1E6BD056-10EB-437B-846A-1B4B591AEA44}.Release|x86.Build.0 = Release|Win32
		{7658FEB4-55FF-4B71-B747-6B02D409B01B}.Debug|x64.ActiveCfg = Debug|x64
		{7658FEB4-55FF-4B71-B747-6B02D409B01B}.Debug|x64.Build.0 = Debug|x64
		{7658FEB4-55FF-4B71-B747-6B02D409B01B}.Debug|x86.ActiveCfg = Debug|Win32
		{7658FEB4-55FF-4B71-B747-6B02D409B01B}.Debug|x86.Build.0 = Debug|Win32
		{7658FEB4-55FF-4B71-B747-6B02D409B01B}.Release|x64.ActiveCfg = Release|x64
		{7658FEB4-55FF-4B71-B747-6B02D409B01B}.Release|x64.Build.0 = Release|x64
		{7658FEB4-55FF-4B71-B747-6B02D409B01B}.Release|x86.ActiveCfg = Release|Win32
		{7658FEB4-55FF-4B71-B747-6B02D409B01B}.Release|x86.Build.0 = Release|Win32
	EndGlobalSection
	GlobalSection(SolutionProperties) = preSolution
		HideSolutionNode = FALSE
	EndGlobalSection
EndGlobal
