
Microsoft Visual Studio Solution File, Format Version 12.00
# Visual Studio 14
VisualStudioVersion = 14.0.25420.1
MinimumVisualStudioVersion = 10.0.40219.1
Project("{8BC9CEB8-8B4A-11D0-8D11-00A0C91BC942}") = "Ex01", "Ex01\Ex01.vcxproj", "{1B86DB24-1248-40FE-A913-FFFACD75157F}"
EndProject
Project("{8BC9CEB8-8B4A-11D0-8D11-00A0C91BC942}") = "Ex02", "Ex02\Ex02.vcxproj", "{53E13AFC-082E-4C0D-8D6A-23B4DB4BEA39}"
EndProject
Project("{8BC9CEB8-8B4A-11D0-8D11-00A0C91BC942}") = "Ex03", "Ex03\Ex03.vcxproj", "{36473358-952A-41C7-A0D7-487AD97C6077}"
EndProject
Project("{8BC9CEB8-8B4A-11D0-8D11-00A0C91BC942}") = "Ex04", "Ex04\Ex04.vcxproj", "{5116A119-7A67-4556-8E19-C1BF737C0F9E}"
EndProject
Project("{8BC9CEB8-8B4A-11D0-8D11-00A0C91BC942}") = "Ex05", "Ex05\Ex05.vcxproj", "{5F1B819A-9A9E-4457-B708-CEA8704A74D4}"
EndProject
Project("{8BC9CEB8-8B4A-11D0-8D11-00A0C91BC942}") = "Ex06", "Ex06\Ex06.vcxproj", "{71459724-530C-4FBD-B1C0-A56EC93CD8BC}"
EndProject
Project("{8BC9CEB8-8B4A-11D0-8D11-00A0C91BC942}") = "Ex07", "Ex07\Ex07.vcxproj", "{7FAA3BCA-0255-457B-B0D7-86062BDC8231}"
EndProject
Project("{8BC9CEB8-8B4A-11D0-8D11-00A0C91BC942}") = "Ex08", "Ex08\Ex08.vcxproj", "{9BF7C9DF-B3F8-4AF8-BF30-61E9E620A7E3}"
EndProject
Project("{8BC9CEB8-8B4A-11D0-8D11-00A0C91BC942}") = "Ex09_1", "Ex09_1\Ex09_1.vcxproj", "{56F11E92-E9DB-46C9-8758-A93906F39733}"
EndProject
Global
	GlobalSection(SolutionConfigurationPlatforms) = preSolution
		Debug|x64 = Debug|x64
		Debug|x86 = Debug|x86
		Release|x64 = Release|x64
		Release|x86 = Release|x86
	EndGlobalSection
	GlobalSection(ProjectConfigurationPlatforms) = postSolution
		{1B86DB24-1248-40FE-A913-FFFACD75157F}.Debug|x64.ActiveCfg = Debug|x64
		{1B86DB24-1248-40FE-A913-FFFACD75157F}.Debug|x64.Build.0 = Debug|x64
		{1B86DB24-1248-40FE-A913-FFFACD75157F}.Debug|x86.ActiveCfg = Debug|Win32
		{1B86DB24-1248-40FE-A913-FFFACD75157F}.Debug|x86.Build.0 = Debug|Win32
		{1B86DB24-1248-40FE-A913-FFFACD75157F}.Release|x64.ActiveCfg = Release|x64
		{1B86DB24-1248-40FE-A913-FFFACD75157F}.Release|x64.Build.0 = Release|x64
		{1B86DB24-1248-40FE-A913-FFFACD75157F}.Release|x86.ActiveCfg = Release|Win32
		{1B86DB24-1248-40FE-A913-FFFACD75157F}.Release|x86.Build.0 = Release|Win32
		{53E13AFC-082E-4C0D-8D6A-23B4DB4BEA39}.Debug|x64.ActiveCfg = Debug|x64
		{53E13AFC-082E-4C0D-8D6A-23B4DB4BEA39}.Debug|x64.Build.0 = Debug|x64
		{53E13AFC-082E-4C0D-8D6A-23B4DB4BEA39}.Debug|x86.ActiveCfg = Debug|Win32
		{53E13AFC-082E-4C0D-8D6A-23B4DB4BEA39}.Debug|x86.Build.0 = Debug|Win32
		{53E13AFC-082E-4C0D-8D6A-23B4DB4BEA39}.Release|x64.ActiveCfg = Release|x64
		{53E13AFC-082E-4C0D-8D6A-23B4DB4BEA39}.Release|x64.Build.0 = Release|x64
		{53E13AFC-082E-4C0D-8D6A-23B4DB4BEA39}.Release|x86.ActiveCfg = Release|Win32
		{53E13AFC-082E-4C0D-8D6A-23B4DB4BEA39}.Release|x86.Build.0 = Release|Win32
		{36473358-952A-41C7-A0D7-487AD97C6077}.Debug|x64.ActiveCfg = Debug|x64
		{36473358-952A-41C7-A0D7-487AD97C6077}.Debug|x64.Build.0 = Debug|x64
		{36473358-952A-41C7-A0D7-487AD97C6077}.Debug|x86.ActiveCfg = Debug|Win32
		{36473358-952A-41C7-A0D7-487AD97C6077}.Debug|x86.Build.0 = Debug|Win32
		{36473358-952A-41C7-A0D7-487AD97C6077}.Release|x64.ActiveCfg = Release|x64
		{36473358-952A-41C7-A0D7-487AD97C6077}.Release|x64.Build.0 = Release|x64
		{36473358-952A-41C7-A0D7-487AD97C6077}.Release|x86.ActiveCfg = Release|Win32
		{36473358-952A-41C7-A0D7-487AD97C6077}.Release|x86.Build.0 = Release|Win32
		{5116A119-7A67-4556-8E19-C1BF737C0F9E}.Debug|x64.ActiveCfg = Debug|x64
		{5116A119-7A67-4556-8E19-C1BF737C0F9E}.Debug|x64.Build.0 = Debug|x64
		{5116A119-7A67-4556-8E19-C1BF737C0F9E}.Debug|x86.ActiveCfg = Debug|Win32
		{5116A119-7A67-4556-8E19-C1BF737C0F9E}.Debug|x86.Build.0 = Debug|Win32
		{5116A119-7A67-4556-8E19-C1BF737C0F9E}.Release|x64.ActiveCfg = Release|x64
		{5116A119-7A67-4556-8E19-C1BF737C0F9E}.Release|x64.Build.0 = Release|x64
		{5116A119-7A67-4556-8E19-C1BF737C0F9E}.Release|x86.ActiveCfg = Release|Win32
		{5116A119-7A67-4556-8E19-C1BF737C0F9E}.Release|x86.Build.0 = Release|Win32
		{5F1B819A-9A9E-4457-B708-CEA8704A74D4}.Debug|x64.ActiveCfg = Debug|x64
		{5F1B819A-9A9E-4457-B708-CEA8704A74D4}.Debug|x64.Build.0 = Debug|x64
		{5F1B819A-9A9E-4457-B708-CEA8704A74D4}.Debug|x86.ActiveCfg = Debug|Win32
		{5F1B819A-9A9E-4457-B708-CEA8704A74D4}.Debug|x86.Build.0 = Debug|Win32
		{5F1B819A-9A9E-4457-B708-CEA8704A74D4}.Release|x64.ActiveCfg = Release|x64
		{5F1B819A-9A9E-4457-B708-CEA8704A74D4}.Release|x64.Build.0 = Release|x64
		{5F1B819A-9A9E-4457-B708-CEA8704A74D4}.Release|x86.ActiveCfg = Release|Win32
		{5F1B819A-9A9E-4457-B708-CEA8704A74D4}.Release|x86.Build.0 = Release|Win32
		{71459724-530C-4FBD-B1C0-A56EC93CD8BC}.Debug|x64.ActiveCfg = Debug|x64
		{71459724-530C-4FBD-B1C0-A56EC93CD8BC}.Debug|x64.Build.0 = Debug|x64
		{71459724-530C-4FBD-B1C0-A56EC93CD8BC}.Debug|x86.ActiveCfg = Debug|Win32
		{71459724-530C-4FBD-B1C0-A56EC93CD8BC}.Debug|x86.Build.0 = Debug|Win32
		{71459724-530C-4FBD-B1C0-A56EC93CD8BC}.Release|x64.ActiveCfg = Release|x64
		{71459724-530C-4FBD-B1C0-A56EC93CD8BC}.Release|x64.Build.0 = Release|x64
		{71459724-530C-4FBD-B1C0-A56EC93CD8BC}.Release|x86.ActiveCfg = Release|Win32
		{71459724-530C-4FBD-B1C0-A56EC93CD8BC}.Release|x86.Build.0 = Release|Win32
		{7FAA3BCA-0255-457B-B0D7-86062BDC8231}.Debug|x64.ActiveCfg = Debug|x64
		{7FAA3BCA-0255-457B-B0D7-86062BDC8231}.Debug|x64.Build.0 = Debug|x64
		{7FAA3BCA-0255-457B-B0D7-86062BDC8231}.Debug|x86.ActiveCfg = Debug|Win32
		{7FAA3BCA-0255-457B-B0D7-86062BDC8231}.Debug|x86.Build.0 = Debug|Win32
		{7FAA3BCA-0255-457B-B0D7-86062BDC8231}.Release|x64.ActiveCfg = Release|x64
		{7FAA3BCA-0255-457B-B0D7-86062BDC8231}.Release|x64.Build.0 = Release|x64
		{7FAA3BCA-0255-457B-B0D7-86062BDC8231}.Release|x86.ActiveCfg = Release|Win32
		{7FAA3BCA-0255-457B-B0D7-86062BDC8231}.Release|x86.Build.0 = Release|Win32
		{9BF7C9DF-B3F8-4AF8-BF30-61E9E620A7E3}.Debug|x64.ActiveCfg = Debug|x64
		{9BF7C9DF-B3F8-4AF8-BF30-61E9E620A7E3}.Debug|x64.Build.0 = Debug|x64
		{9BF7C9DF-B3F8-4AF8-BF30-61E9E620A7E3}.Debug|x86.ActiveCfg = Debug|Win32
		{9BF7C9DF-B3F8-4AF8-BF30-61E9E620A7E3}.Debug|x86.Build.0 = Debug|Win32
		{9BF7C9DF-B3F8-4AF8-BF30-61E9E620A7E3}.Release|x64.ActiveCfg = Release|x64
		{9BF7C9DF-B3F8-4AF8-BF30-61E9E620A7E3}.Release|x64.Build.0 = Release|x64
		{9BF7C9DF-B3F8-4AF8-BF30-61E9E620A7E3}.Release|x86.ActiveCfg = Release|Win32
		{9BF7C9DF-B3F8-4AF8-BF30-61E9E620A7E3}.Release|x86.Build.0 = Release|Win32
		{56F11E92-E9DB-46C9-8758-A93906F39733}.Debug|x64.ActiveCfg = Debug|x64
		{56F11E92-E9DB-46C9-8758-A93906F39733}.Debug|x64.Build.0 = Debug|x64
		{56F11E92-E9DB-46C9-8758-A93906F39733}.Debug|x86.ActiveCfg = Debug|Win32
		{56F11E92-E9DB-46C9-8758-A93906F39733}.Debug|x86.Build.0 = Debug|Win32
		{56F11E92-E9DB-46C9-8758-A93906F39733}.Release|x64.ActiveCfg = Release|x64
		{56F11E92-E9DB-46C9-8758-A93906F39733}.Release|x64.Build.0 = Release|x64
		{56F11E92-E9DB-46C9-8758-A93906F39733}.Release|x86.ActiveCfg = Release|Win32
		{56F11E92-E9DB-46C9-8758-A93906F39733}.Release|x86.Build.0 = Release|Win32
	EndGlobalSection
	GlobalSection(SolutionProperties) = preSolution
		HideSolutionNode = FALSE
	EndGlobalSection
EndGlobal
