
Microsoft Visual Studio Solution File, Format Version 12.00
# Visual Studio 14
VisualStudioVersion = 14.0.25420.1
MinimumVisualStudioVersion = 10.0.40219.1
Project("{8BC9CEB8-8B4A-11D0-8D11-00A0C91BC942}") = "Ex06StructFunction", "Ex06StructFunction\Ex06StructFunction.vcxproj", "{B6CFF2CD-974A-4B71-B250-7E660DFC1120}"
EndProject
Project("{8BC9CEB8-8B4A-11D0-8D11-00A0C91BC942}") = "02", "02\02.vcxproj", "{904FED13-EF60-4BD9-B8FD-05BE99250F41}"
EndProject
Project("{8BC9CEB8-8B4A-11D0-8D11-00A0C91BC942}") = "03", "03\03.vcxproj", "{8F4D65AA-3E46-4EA4-A5D1-6402795E559D}"
EndProject
Project("{8BC9CEB8-8B4A-11D0-8D11-00A0C91BC942}") = "04_1", "04_1\04_1.vcxproj", "{254D9F0B-60DC-45A3-A9B5-6CA218342B76}"
EndProject
Project("{8BC9CEB8-8B4A-11D0-8D11-00A0C91BC942}") = "04_2", "04_2\04_2.vcxproj", "{E726EA66-BDED-4F2E-BF7A-DDCAD1F6CA6D}"
EndProject
Project("{8BC9CEB8-8B4A-11D0-8D11-00A0C91BC942}") = "05_1", "05_1\05_1.vcxproj", "{C716BA69-D5F6-49D8-9680-BE288ABF4BBF}"
EndProject
Project("{8BC9CEB8-8B4A-11D0-8D11-00A0C91BC942}") = "05_2", "05_2\05_2.vcxproj", "{051358CC-B4E4-4E82-B582-961E3325FA92}"
EndProject
Project("{8BC9CEB8-8B4A-11D0-8D11-00A0C91BC942}") = "06_1", "06_1\06_1.vcxproj", "{B3EF824F-D020-4EA8-ABA1-F4F1A06CA4D2}"
EndProject
Project("{8BC9CEB8-8B4A-11D0-8D11-00A0C91BC942}") = "06_2", "06_2\06_2.vcxproj", "{9C04E78D-96F8-42CD-9DC1-94B35EF7431B}"
EndProject
Project("{8BC9CEB8-8B4A-11D0-8D11-00A0C91BC942}") = "07", "07\07.vcxproj", "{0FDB90A4-0AD8-4DC4-9B26-52979482CE94}"
EndProject
Project("{8BC9CEB8-8B4A-11D0-8D11-00A0C91BC942}") = "08", "08\08.vcxproj", "{88407691-8E19-4666-80C1-BB7C6C12E5CE}"
EndProject
Project("{8BC9CEB8-8B4A-11D0-8D11-00A0C91BC942}") = "09_1", "09_1\09_1.vcxproj", "{C968FBA1-ACCE-4C62-BFB2-A2C6432A35A7}"
EndProject
Project("{8BC9CEB8-8B4A-11D0-8D11-00A0C91BC942}") = "09_2", "09_2\09_2.vcxproj", "{BE517D3B-9937-48F2-A48C-DDD70DAA924E}"
EndProject
Global
	GlobalSection(SolutionConfigurationPlatforms) = preSolution
		Debug|x64 = Debug|x64
		Debug|x86 = Debug|x86
		Release|x64 = Release|x64
		Release|x86 = Release|x86
	EndGlobalSection
	GlobalSection(ProjectConfigurationPlatforms) = postSolution
		{B6CFF2CD-974A-4B71-B250-7E660DFC1120}.Debug|x64.ActiveCfg = Debug|x64
		{B6CFF2CD-974A-4B71-B250-7E660DFC1120}.Debug|x64.Build.0 = Debug|x64
		{B6CFF2CD-974A-4B71-B250-7E660DFC1120}.Debug|x86.ActiveCfg = Debug|Win32
		{B6CFF2CD-974A-4B71-B250-7E660DFC1120}.Debug|x86.Build.0 = Debug|Win32
		{B6CFF2CD-974A-4B71-B250-7E660DFC1120}.Release|x64.ActiveCfg = Release|x64
		{B6CFF2CD-974A-4B71-B250-7E660DFC1120}.Release|x64.Build.0 = Release|x64
		{B6CFF2CD-974A-4B71-B250-7E660DFC1120}.Release|x86.ActiveCfg = Release|Win32
		{B6CFF2CD-974A-4B71-B250-7E660DFC1120}.Release|x86.Build.0 = Release|Win32
		{904FED13-EF60-4BD9-B8FD-05BE99250F41}.Debug|x64.ActiveCfg = Debug|x64
		{904FED13-EF60-4BD9-B8FD-05BE99250F41}.Debug|x64.Build.0 = Debug|x64
		{904FED13-EF60-4BD9-B8FD-05BE99250F41}.Debug|x86.ActiveCfg = Debug|Win32
		{904FED13-EF60-4BD9-B8FD-05BE99250F41}.Debug|x86.Build.0 = Debug|Win32
		{904FED13-EF60-4BD9-B8FD-05BE99250F41}.Release|x64.ActiveCfg = Release|x64
		{904FED13-EF60-4BD9-B8FD-05BE99250F41}.Release|x64.Build.0 = Release|x64
		{904FED13-EF60-4BD9-B8FD-05BE99250F41}.Release|x86.ActiveCfg = Release|Win32
		{904FED13-EF60-4BD9-B8FD-05BE99250F41}.Release|x86.Build.0 = Release|Win32
		{8F4D65AA-3E46-4EA4-A5D1-6402795E559D}.Debug|x64.ActiveCfg = Debug|x64
		{8F4D65AA-3E46-4EA4-A5D1-6402795E559D}.Debug|x64.Build.0 = Debug|x64
		{8F4D65AA-3E46-4EA4-A5D1-6402795E559D}.Debug|x86.ActiveCfg = Debug|Win32
		{8F4D65AA-3E46-4EA4-A5D1-6402795E559D}.Debug|x86.Build.0 = Debug|Win32
		{8F4D65AA-3E46-4EA4-A5D1-6402795E559D}.Release|x64.ActiveCfg = Release|x64
		{8F4D65AA-3E46-4EA4-A5D1-6402795E559D}.Release|x64.Build.0 = Release|x64
		{8F4D65AA-3E46-4EA4-A5D1-6402795E559D}.Release|x86.ActiveCfg = Release|Win32
		{8F4D65AA-3E46-4EA4-A5D1-6402795E559D}.Release|x86.Build.0 = Release|Win32
		{254D9F0B-60DC-45A3-A9B5-6CA218342B76}.Debug|x64.ActiveCfg = Debug|x64
		{254D9F0B-60DC-45A3-A9B5-6CA218342B76}.Debug|x64.Build.0 = Debug|x64
		{254D9F0B-60DC-45A3-A9B5-6CA218342B76}.Debug|x86.ActiveCfg = Debug|Win32
		{254D9F0B-60DC-45A3-A9B5-6CA218342B76}.Debug|x86.Build.0 = Debug|Win32
		{254D9F0B-60DC-45A3-A9B5-6CA218342B76}.Release|x64.ActiveCfg = Release|x64
		{254D9F0B-60DC-45A3-A9B5-6CA218342B76}.Release|x64.Build.0 = Release|x64
		{254D9F0B-60DC-45A3-A9B5-6CA218342B76}.Release|x86.ActiveCfg = Release|Win32
		{254D9F0B-60DC-45A3-A9B5-6CA218342B76}.Release|x86.Build.0 = Release|Win32
		{E726EA66-BDED-4F2E-BF7A-DDCAD1F6CA6D}.Debug|x64.ActiveCfg = Debug|x64
		{E726EA66-BDED-4F2E-BF7A-DDCAD1F6CA6D}.Debug|x64.Build.0 = Debug|x64
		{E726EA66-BDED-4F2E-BF7A-DDCAD1F6CA6D}.Debug|x86.ActiveCfg = Debug|Win32
		{E726EA66-BDED-4F2E-BF7A-DDCAD1F6CA6D}.Debug|x86.Build.0 = Debug|Win32
		{E726EA66-BDED-4F2E-BF7A-DDCAD1F6CA6D}.Release|x64.ActiveCfg = Release|x64
		{E726EA66-BDED-4F2E-BF7A-DDCAD1F6CA6D}.Release|x64.Build.0 = Release|x64
		{E726EA66-BDED-4F2E-BF7A-DDCAD1F6CA6D}.Release|x86.ActiveCfg = Release|Win32
		{E726EA66-BDED-4F2E-BF7A-DDCAD1F6CA6D}.Release|x86.Build.0 = Release|Win32
		{C716BA69-D5F6-49D8-9680-BE288ABF4BBF}.Debug|x64.ActiveCfg = Debug|x64
		{C716BA69-D5F6-49D8-9680-BE288ABF4BBF}.Debug|x64.Build.0 = Debug|x64
		{C716BA69-D5F6-49D8-9680-BE288ABF4BBF}.Debug|x86.ActiveCfg = Debug|Win32
		{C716BA69-D5F6-49D8-9680-BE288ABF4BBF}.Debug|x86.Build.0 = Debug|Win32
		{C716BA69-D5F6-49D8-9680-BE288ABF4BBF}.Release|x64.ActiveCfg = Release|x64
		{C716BA69-D5F6-49D8-9680-BE288ABF4BBF}.Release|x64.Build.0 = Release|x64
		{C716BA69-D5F6-49D8-9680-BE288ABF4BBF}.Release|x86.ActiveCfg = Release|Win32
		{C716BA69-D5F6-49D8-9680-BE288ABF4BBF}.Release|x86.Build.0 = Release|Win32
		{051358CC-B4E4-4E82-B582-961E3325FA92}.Debug|x64.ActiveCfg = Debug|x64
		{051358CC-B4E4-4E82-B582-961E3325FA92}.Debug|x64.Build.0 = Debug|x64
		{051358CC-B4E4-4E82-B582-961E3325FA92}.Debug|x86.ActiveCfg = Debug|Win32
		{051358CC-B4E4-4E82-B582-961E3325FA92}.Debug|x86.Build.0 = Debug|Win32
		{051358CC-B4E4-4E82-B582-961E3325FA92}.Release|x64.ActiveCfg = Release|x64
		{051358CC-B4E4-4E82-B582-961E3325FA92}.Release|x64.Build.0 = Release|x64
		{051358CC-B4E4-4E82-B582-961E3325FA92}.Release|x86.ActiveCfg = Release|Win32
		{051358CC-B4E4-4E82-B582-961E3325FA92}.Release|x86.Build.0 = Release|Win32
		{B3EF824F-D020-4EA8-ABA1-F4F1A06CA4D2}.Debug|x64.ActiveCfg = Debug|x64
		{B3EF824F-D020-4EA8-ABA1-F4F1A06CA4D2}.Debug|x64.Build.0 = Debug|x64
		{B3EF824F-D020-4EA8-ABA1-F4F1A06CA4D2}.Debug|x86.ActiveCfg = Debug|Win32
		{B3EF824F-D020-4EA8-ABA1-F4F1A06CA4D2}.Debug|x86.Build.0 = Debug|Win32
		{B3EF824F-D020-4EA8-ABA1-F4F1A06CA4D2}.Release|x64.ActiveCfg = Release|x64
		{B3EF824F-D020-4EA8-ABA1-F4F1A06CA4D2}.Release|x64.Build.0 = Release|x64
		{B3EF824F-D020-4EA8-ABA1-F4F1A06CA4D2}.Release|x86.ActiveCfg = Release|Win32
		{B3EF824F-D020-4EA8-ABA1-F4F1A06CA4D2}.Release|x86.Build.0 = Release|Win32
		{9C04E78D-96F8-42CD-9DC1-94B35EF7431B}.Debug|x64.ActiveCfg = Debug|x64
		{9C04E78D-96F8-42CD-9DC1-94B35EF7431B}.Debug|x64.Build.0 = Debug|x64
		{9C04E78D-96F8-42CD-9DC1-94B35EF7431B}.Debug|x86.ActiveCfg = Debug|Win32
		{9C04E78D-96F8-42CD-9DC1-94B35EF7431B}.Debug|x86.Build.0 = Debug|Win32
		{9C04E78D-96F8-42CD-9DC1-94B35EF7431B}.Release|x64.ActiveCfg = Release|x64
		{9C04E78D-96F8-42CD-9DC1-94B35EF7431B}.Release|x64.Build.0 = Release|x64
		{9C04E78D-96F8-42CD-9DC1-94B35EF7431B}.Release|x86.ActiveCfg = Release|Win32
		{9C04E78D-96F8-42CD-9DC1-94B35EF7431B}.Release|x86.Build.0 = Release|Win32
		{0FDB90A4-0AD8-4DC4-9B26-52979482CE94}.Debug|x64.ActiveCfg = Debug|x64
		{0FDB90A4-0AD8-4DC4-9B26-52979482CE94}.Debug|x64.Build.0 = Debug|x64
		{0FDB90A4-0AD8-4DC4-9B26-52979482CE94}.Debug|x86.ActiveCfg = Debug|Win32
		{0FDB90A4-0AD8-4DC4-9B26-52979482CE94}.Debug|x86.Build.0 = Debug|Win32
		{0FDB90A4-0AD8-4DC4-9B26-52979482CE94}.Release|x64.ActiveCfg = Release|x64
		{0FDB90A4-0AD8-4DC4-9B26-52979482CE94}.Release|x64.Build.0 = Release|x64
		{0FDB90A4-0AD8-4DC4-9B26-52979482CE94}.Release|x86.ActiveCfg = Release|Win32
		{0FDB90A4-0AD8-4DC4-9B26-52979482CE94}.Release|x86.Build.0 = Release|Win32
		{88407691-8E19-4666-80C1-BB7C6C12E5CE}.Debug|x64.ActiveCfg = Debug|x64
		{88407691-8E19-4666-80C1-BB7C6C12E5CE}.Debug|x64.Build.0 = Debug|x64
		{88407691-8E19-4666-80C1-BB7C6C12E5CE}.Debug|x86.ActiveCfg = Debug|Win32
		{88407691-8E19-4666-80C1-BB7C6C12E5CE}.Debug|x86.Build.0 = Debug|Win32
		{88407691-8E19-4666-80C1-BB7C6C12E5CE}.Release|x64.ActiveCfg = Release|x64
		{88407691-8E19-4666-80C1-BB7C6C12E5CE}.Release|x64.Build.0 = Release|x64
		{88407691-8E19-4666-80C1-BB7C6C12E5CE}.Release|x86.ActiveCfg = Release|Win32
		{88407691-8E19-4666-80C1-BB7C6C12E5CE}.Release|x86.Build.0 = Release|Win32
		{C968FBA1-ACCE-4C62-BFB2-A2C6432A35A7}.Debug|x64.ActiveCfg = Debug|x64
		{C968FBA1-ACCE-4C62-BFB2-A2C6432A35A7}.Debug|x64.Build.0 = Debug|x64
		{C968FBA1-ACCE-4C62-BFB2-A2C6432A35A7}.Debug|x86.ActiveCfg = Debug|Win32
		{C968FBA1-ACCE-4C62-BFB2-A2C6432A35A7}.Debug|x86.Build.0 = Debug|Win32
		{C968FBA1-ACCE-4C62-BFB2-A2C6432A35A7}.Release|x64.ActiveCfg = Release|x64
		{C968FBA1-ACCE-4C62-BFB2-A2C6432A35A7}.Release|x64.Build.0 = Release|x64
		{C968FBA1-ACCE-4C62-BFB2-A2C6432A35A7}.Release|x86.ActiveCfg = Release|Win32
		{C968FBA1-ACCE-4C62-BFB2-A2C6432A35A7}.Release|x86.Build.0 = Release|Win32
		{BE517D3B-9937-48F2-A48C-DDD70DAA924E}.Debug|x64.ActiveCfg = Debug|x64
		{BE517D3B-9937-48F2-A48C-DDD70DAA924E}.Debug|x64.Build.0 = Debug|x64
		{BE517D3B-9937-48F2-A48C-DDD70DAA924E}.Debug|x86.ActiveCfg = Debug|Win32
		{BE517D3B-9937-48F2-A48C-DDD70DAA924E}.Debug|x86.Build.0 = Debug|Win32
		{BE517D3B-9937-48F2-A48C-DDD70DAA924E}.Release|x64.ActiveCfg = Release|x64
		{BE517D3B-9937-48F2-A48C-DDD70DAA924E}.Release|x64.Build.0 = Release|x64
		{BE517D3B-9937-48F2-A48C-DDD70DAA924E}.Release|x86.ActiveCfg = Release|Win32
		{BE517D3B-9937-48F2-A48C-DDD70DAA924E}.Release|x86.Build.0 = Release|Win32
	EndGlobalSection
	GlobalSection(SolutionProperties) = preSolution
		HideSolutionNode = FALSE
	EndGlobalSection
EndGlobal
