
Microsoft Visual Studio Solution File, Format Version 12.00
# Visual Studio 14
VisualStudioVersion = 14.0.25420.1
MinimumVisualStudioVersion = 10.0.40219.1
Project("{8BC9CEB8-8B4A-11D0-8D11-00A0C91BC942}") = "Ex04Struct", "Ex04Struct\Ex04Struct.vcxproj", "{15037196-6304-4525-86F2-10F548A0D170}"
EndProject
Project("{8BC9CEB8-8B4A-11D0-8D11-00A0C91BC942}") = "01_2", "01_2\01_2.vcxproj", "{6DC9080E-50EF-4AD5-A8E6-FD356F6F7C4B}"
EndProject
Project("{8BC9CEB8-8B4A-11D0-8D11-00A0C91BC942}") = "02", "02\02.vcxproj", "{C4286EE0-A4C7-4F4A-9919-E6D3BDFB2809}"
EndProject
Project("{8BC9CEB8-8B4A-11D0-8D11-00A0C91BC942}") = "03", "03\03.vcxproj", "{61E6A93C-6285-481B-AA5F-9A534B1153E1}"
EndProject
Project("{8BC9CEB8-8B4A-11D0-8D11-00A0C91BC942}") = "04_1", "04_1\04_1.vcxproj", "{E8969983-CFF0-4BA6-B862-BEF35C634675}"
EndProject
Project("{8BC9CEB8-8B4A-11D0-8D11-00A0C91BC942}") = "04_2", "04_2\04_2.vcxproj", "{EAD40C19-147B-4CA1-9B6F-30CD1FC4E42D}"
EndProject
Project("{8BC9CEB8-8B4A-11D0-8D11-00A0C91BC942}") = "05_1", "05_1\05_1.vcxproj", "{FFE26853-D21B-4BE7-8DB9-18BA0400509A}"
EndProject
Project("{8BC9CEB8-8B4A-11D0-8D11-00A0C91BC942}") = "05_2", "05_2\05_2.vcxproj", "{52429B43-F97C-4261-843B-8B9D8E7D28E7}"
EndProject
Project("{8BC9CEB8-8B4A-11D0-8D11-00A0C91BC942}") = "06_1", "06_1\06_1.vcxproj", "{DF115F1E-0967-4F2D-9DDC-C01CF3F36DC6}"
EndProject
Project("{8BC9CEB8-8B4A-11D0-8D11-00A0C91BC942}") = "06_2", "06_2\06_2.vcxproj", "{58A9A006-F86D-4D28-9135-14BA48E0B8CE}"
EndProject
Global
	GlobalSection(SolutionConfigurationPlatforms) = preSolution
		Debug|x64 = Debug|x64
		Debug|x86 = Debug|x86
		Release|x64 = Release|x64
		Release|x86 = Release|x86
	EndGlobalSection
	GlobalSection(ProjectConfigurationPlatforms) = postSolution
		{15037196-6304-4525-86F2-10F548A0D170}.Debug|x64.ActiveCfg = Debug|x64
		{15037196-6304-4525-86F2-10F548A0D170}.Debug|x64.Build.0 = Debug|x64
		{15037196-6304-4525-86F2-10F548A0D170}.Debug|x86.ActiveCfg = Debug|Win32
		{15037196-6304-4525-86F2-10F548A0D170}.Debug|x86.Build.0 = Debug|Win32
		{15037196-6304-4525-86F2-10F548A0D170}.Release|x64.ActiveCfg = Release|x64
		{15037196-6304-4525-86F2-10F548A0D170}.Release|x64.Build.0 = Release|x64
		{15037196-6304-4525-86F2-10F548A0D170}.Release|x86.ActiveCfg = Release|Win32
		{15037196-6304-4525-86F2-10F548A0D170}.Release|x86.Build.0 = Release|Win32
		{6DC9080E-50EF-4AD5-A8E6-FD356F6F7C4B}.Debug|x64.ActiveCfg = Debug|x64
		{6DC9080E-50EF-4AD5-A8E6-FD356F6F7C4B}.Debug|x64.Build.0 = Debug|x64
		{6DC9080E-50EF-4AD5-A8E6-FD356F6F7C4B}.Debug|x86.ActiveCfg = Debug|Win32
		{6DC9080E-50EF-4AD5-A8E6-FD356F6F7C4B}.Debug|x86.Build.0 = Debug|Win32
		{6DC9080E-50EF-4AD5-A8E6-FD356F6F7C4B}.Release|x64.ActiveCfg = Release|x64
		{6DC9080E-50EF-4AD5-A8E6-FD356F6F7C4B}.Release|x64.Build.0 = Release|x64
		{6DC9080E-50EF-4AD5-A8E6-FD356F6F7C4B}.Release|x86.ActiveCfg = Release|Win32
		{6DC9080E-50EF-4AD5-A8E6-FD356F6F7C4B}.Release|x86.Build.0 = Release|Win32
		{C4286EE0-A4C7-4F4A-9919-E6D3BDFB2809}.Debug|x64.ActiveCfg = Debug|x64
		{C4286EE0-A4C7-4F4A-9919-E6D3BDFB2809}.Debug|x64.Build.0 = Debug|x64
		{C4286EE0-A4C7-4F4A-9919-E6D3BDFB2809}.Debug|x86.ActiveCfg = Debug|Win32
		{C4286EE0-A4C7-4F4A-9919-E6D3BDFB2809}.Debug|x86.Build.0 = Debug|Win32
		{C4286EE0-A4C7-4F4A-9919-E6D3BDFB2809}.Release|x64.ActiveCfg = Release|x64
		{C4286EE0-A4C7-4F4A-9919-E6D3BDFB2809}.Release|x64.Build.0 = Release|x64
		{C4286EE0-A4C7-4F4A-9919-E6D3BDFB2809}.Release|x86.ActiveCfg = Release|Win32
		{C4286EE0-A4C7-4F4A-9919-E6D3BDFB2809}.Release|x86.Build.0 = Release|Win32
		{61E6A93C-6285-481B-AA5F-9A534B1153E1}.Debug|x64.ActiveCfg = Debug|x64
		{61E6A93C-6285-481B-AA5F-9A534B1153E1}.Debug|x64.Build.0 = Debug|x64
		{61E6A93C-6285-481B-AA5F-9A534B1153E1}.Debug|x86.ActiveCfg = Debug|Win32
		{61E6A93C-6285-481B-AA5F-9A534B1153E1}.Debug|x86.Build.0 = Debug|Win32
		{61E6A93C-6285-481B-AA5F-9A534B1153E1}.Release|x64.ActiveCfg = Release|x64
		{61E6A93C-6285-481B-AA5F-9A534B1153E1}.Release|x64.Build.0 = Release|x64
		{61E6A93C-6285-481B-AA5F-9A534B1153E1}.Release|x86.ActiveCfg = Release|Win32
		{61E6A93C-6285-481B-AA5F-9A534B1153E1}.Release|x86.Build.0 = Release|Win32
		{E8969983-CFF0-4BA6-B862-BEF35C634675}.Debug|x64.ActiveCfg = Debug|x64
		{E8969983-CFF0-4BA6-B862-BEF35C634675}.Debug|x64.Build.0 = Debug|x64
		{E8969983-CFF0-4BA6-B862-BEF35C634675}.Debug|x86.ActiveCfg = Debug|Win32
		{E8969983-CFF0-4BA6-B862-BEF35C634675}.Debug|x86.Build.0 = Debug|Win32
		{E8969983-CFF0-4BA6-B862-BEF35C634675}.Release|x64.ActiveCfg = Release|x64
		{E8969983-CFF0-4BA6-B862-BEF35C634675}.Release|x64.Build.0 = Release|x64
		{E8969983-CFF0-4BA6-B862-BEF35C634675}.Release|x86.ActiveCfg = Release|Win32
		{E8969983-CFF0-4BA6-B862-BEF35C634675}.Release|x86.Build.0 = Release|Win32
		{EAD40C19-147B-4CA1-9B6F-30CD1FC4E42D}.Debug|x64.ActiveCfg = Debug|x64
		{EAD40C19-147B-4CA1-9B6F-30CD1FC4E42D}.Debug|x64.Build.0 = Debug|x64
		{EAD40C19-147B-4CA1-9B6F-30CD1FC4E42D}.Debug|x86.ActiveCfg = Debug|Win32
		{EAD40C19-147B-4CA1-9B6F-30CD1FC4E42D}.Debug|x86.Build.0 = Debug|Win32
		{EAD40C19-147B-4CA1-9B6F-30CD1FC4E42D}.Release|x64.ActiveCfg = Release|x64
		{EAD40C19-147B-4CA1-9B6F-30CD1FC4E42D}.Release|x64.Build.0 = Release|x64
		{EAD40C19-147B-4CA1-9B6F-30CD1FC4E42D}.Release|x86.ActiveCfg = Release|Win32
		{EAD40C19-147B-4CA1-9B6F-30CD1FC4E42D}.Release|x86.Build.0 = Release|Win32
		{FFE26853-D21B-4BE7-8DB9-18BA0400509A}.Debug|x64.ActiveCfg = Debug|x64
		{FFE26853-D21B-4BE7-8DB9-18BA0400509A}.Debug|x64.Build.0 = Debug|x64
		{FFE26853-D21B-4BE7-8DB9-18BA0400509A}.Debug|x86.ActiveCfg = Debug|Win32
		{FFE26853-D21B-4BE7-8DB9-18BA0400509A}.Debug|x86.Build.0 = Debug|Win32
		{FFE26853-D21B-4BE7-8DB9-18BA0400509A}.Release|x64.ActiveCfg = Release|x64
		{FFE26853-D21B-4BE7-8DB9-18BA0400509A}.Release|x64.Build.0 = Release|x64
		{FFE26853-D21B-4BE7-8DB9-18BA0400509A}.Release|x86.ActiveCfg = Release|Win32
		{FFE26853-D21B-4BE7-8DB9-18BA0400509A}.Release|x86.Build.0 = Release|Win32
		{52429B43-F97C-4261-843B-8B9D8E7D28E7}.Debug|x64.ActiveCfg = Debug|x64
		{52429B43-F97C-4261-843B-8B9D8E7D28E7}.Debug|x64.Build.0 = Debug|x64
		{52429B43-F97C-4261-843B-8B9D8E7D28E7}.Debug|x86.ActiveCfg = Debug|Win32
		{52429B43-F97C-4261-843B-8B9D8E7D28E7}.Debug|x86.Build.0 = Debug|Win32
		{52429B43-F97C-4261-843B-8B9D8E7D28E7}.Release|x64.ActiveCfg = Release|x64
		{52429B43-F97C-4261-843B-8B9D8E7D28E7}.Release|x64.Build.0 = Release|x64
		{52429B43-F97C-4261-843B-8B9D8E7D28E7}.Release|x86.ActiveCfg = Release|Win32
		{52429B43-F97C-4261-843B-8B9D8E7D28E7}.Release|x86.Build.0 = Release|Win32
		{DF115F1E-0967-4F2D-9DDC-C01CF3F36DC6}.Debug|x64.ActiveCfg = Debug|x64
		{DF115F1E-0967-4F2D-9DDC-C01CF3F36DC6}.Debug|x64.Build.0 = Debug|x64
		{DF115F1E-0967-4F2D-9DDC-C01CF3F36DC6}.Debug|x86.ActiveCfg = Debug|Win32
		{DF115F1E-0967-4F2D-9DDC-C01CF3F36DC6}.Debug|x86.Build.0 = Debug|Win32
		{DF115F1E-0967-4F2D-9DDC-C01CF3F36DC6}.Release|x64.ActiveCfg = Release|x64
		{DF115F1E-0967-4F2D-9DDC-C01CF3F36DC6}.Release|x64.Build.0 = Release|x64
		{DF115F1E-0967-4F2D-9DDC-C01CF3F36DC6}.Release|x86.ActiveCfg = Release|Win32
		{DF115F1E-0967-4F2D-9DDC-C01CF3F36DC6}.Release|x86.Build.0 = Release|Win32
		{58A9A006-F86D-4D28-9135-14BA48E0B8CE}.Debug|x64.ActiveCfg = Debug|x64
		{58A9A006-F86D-4D28-9135-14BA48E0B8CE}.Debug|x64.Build.0 = Debug|x64
		{58A9A006-F86D-4D28-9135-14BA48E0B8CE}.Debug|x86.ActiveCfg = Debug|Win32
		{58A9A006-F86D-4D28-9135-14BA48E0B8CE}.Debug|x86.Build.0 = Debug|Win32
		{58A9A006-F86D-4D28-9135-14BA48E0B8CE}.Release|x64.ActiveCfg = Release|x64
		{58A9A006-F86D-4D28-9135-14BA48E0B8CE}.Release|x64.Build.0 = Release|x64
		{58A9A006-F86D-4D28-9135-14BA48E0B8CE}.Release|x86.ActiveCfg = Release|Win32
		{58A9A006-F86D-4D28-9135-14BA48E0B8CE}.Release|x86.Build.0 = Release|Win32
	EndGlobalSection
	GlobalSection(SolutionProperties) = preSolution
		HideSolutionNode = FALSE
	EndGlobalSection
EndGlobal
